// !$*UTF8*$!
{
	archiveVersion = 1;
	classes = {
	};
	objectVersion = 46;
	objects = {

/* Begin PBXBuildFile section */
		66DA0D461DA3818F00B3056E /* tif_xfile.cpp in Sources */ = {isa = PBXBuildFile; fileRef = 66DA0D0E1DA3818F00B3056E /* tif_xfile.cpp */; };
		66DA0D471DA3818F00B3056E /* tif_xfile.cpp in Sources */ = {isa = PBXBuildFile; fileRef = 66DA0D0E1DA3818F00B3056E /* tif_xfile.cpp */; };
		66DA0D481DA3818F00B3056E /* xfile.h in Headers */ = {isa = PBXBuildFile; fileRef = 66DA0D0F1DA3818F00B3056E /* xfile.h */; };
		66DA0D491DA3818F00B3056E /* ximabmp.cpp in Sources */ = {isa = PBXBuildFile; fileRef = 66DA0D101DA3818F00B3056E /* ximabmp.cpp */; };
		66DA0D4A1DA3818F00B3056E /* ximabmp.cpp in Sources */ = {isa = PBXBuildFile; fileRef = 66DA0D101DA3818F00B3056E /* ximabmp.cpp */; };
		66DA0D4B1DA3818F00B3056E /* ximabmp.h in Headers */ = {isa = PBXBuildFile; fileRef = 66DA0D111DA3818F00B3056E /* ximabmp.h */; };
		66DA0D4C1DA3818F00B3056E /* ximacfg.h in Headers */ = {isa = PBXBuildFile; fileRef = 66DA0D121DA3818F00B3056E /* ximacfg.h */; };
		66DA0D4D1DA3818F00B3056E /* ximadef.h in Headers */ = {isa = PBXBuildFile; fileRef = 66DA0D131DA3818F00B3056E /* ximadef.h */; };
		66DA0D4E1DA3818F00B3056E /* ximadsp.cpp in Sources */ = {isa = PBXBuildFile; fileRef = 66DA0D141DA3818F00B3056E /* ximadsp.cpp */; };
		66DA0D4F1DA3818F00B3056E /* ximadsp.cpp in Sources */ = {isa = PBXBuildFile; fileRef = 66DA0D141DA3818F00B3056E /* ximadsp.cpp */; };
		66DA0D501DA3818F00B3056E /* ximaenc.cpp in Sources */ = {isa = PBXBuildFile; fileRef = 66DA0D151DA3818F00B3056E /* ximaenc.cpp */; };
		66DA0D511DA3818F00B3056E /* ximaenc.cpp in Sources */ = {isa = PBXBuildFile; fileRef = 66DA0D151DA3818F00B3056E /* ximaenc.cpp */; };
		66DA0D521DA3818F00B3056E /* ximaexif.cpp in Sources */ = {isa = PBXBuildFile; fileRef = 66DA0D161DA3818F00B3056E /* ximaexif.cpp */; };
		66DA0D531DA3818F00B3056E /* ximaexif.cpp in Sources */ = {isa = PBXBuildFile; fileRef = 66DA0D161DA3818F00B3056E /* ximaexif.cpp */; };
		66DA0D541DA3818F00B3056E /* ximage.cpp in Sources */ = {isa = PBXBuildFile; fileRef = 66DA0D171DA3818F00B3056E /* ximage.cpp */; };
		66DA0D551DA3818F00B3056E /* ximage.cpp in Sources */ = {isa = PBXBuildFile; fileRef = 66DA0D171DA3818F00B3056E /* ximage.cpp */; };
		66DA0D561DA3818F00B3056E /* ximage.h in Headers */ = {isa = PBXBuildFile; fileRef = 66DA0D181DA3818F00B3056E /* ximage.h */; };
		66DA0D571DA3818F00B3056E /* ximagif.cpp in Sources */ = {isa = PBXBuildFile; fileRef = 66DA0D191DA3818F00B3056E /* ximagif.cpp */; };
		66DA0D581DA3818F00B3056E /* ximagif.cpp in Sources */ = {isa = PBXBuildFile; fileRef = 66DA0D191DA3818F00B3056E /* ximagif.cpp */; };
		66DA0D591DA3818F00B3056E /* ximagif.h in Headers */ = {isa = PBXBuildFile; fileRef = 66DA0D1A1DA3818F00B3056E /* ximagif.h */; };
		66DA0D5A1DA3818F00B3056E /* ximahist.cpp in Sources */ = {isa = PBXBuildFile; fileRef = 66DA0D1B1DA3818F00B3056E /* ximahist.cpp */; };
		66DA0D5B1DA3818F00B3056E /* ximahist.cpp in Sources */ = {isa = PBXBuildFile; fileRef = 66DA0D1B1DA3818F00B3056E /* ximahist.cpp */; };
		66DA0D5C1DA3818F00B3056E /* ximaico.cpp in Sources */ = {isa = PBXBuildFile; fileRef = 66DA0D1C1DA3818F00B3056E /* ximaico.cpp */; };
		66DA0D5D1DA3818F00B3056E /* ximaico.cpp in Sources */ = {isa = PBXBuildFile; fileRef = 66DA0D1C1DA3818F00B3056E /* ximaico.cpp */; };
		66DA0D5E1DA3818F00B3056E /* ximaico.h in Headers */ = {isa = PBXBuildFile; fileRef = 66DA0D1D1DA3818F00B3056E /* ximaico.h */; };
		66DA0D5F1DA3818F00B3056E /* ximainfo.cpp in Sources */ = {isa = PBXBuildFile; fileRef = 66DA0D1E1DA3818F00B3056E /* ximainfo.cpp */; };
		66DA0D601DA3818F00B3056E /* ximainfo.cpp in Sources */ = {isa = PBXBuildFile; fileRef = 66DA0D1E1DA3818F00B3056E /* ximainfo.cpp */; };
		66DA0D611DA3818F00B3056E /* ximaint.cpp in Sources */ = {isa = PBXBuildFile; fileRef = 66DA0D1F1DA3818F00B3056E /* ximaint.cpp */; };
		66DA0D621DA3818F00B3056E /* ximaint.cpp in Sources */ = {isa = PBXBuildFile; fileRef = 66DA0D1F1DA3818F00B3056E /* ximaint.cpp */; };
		66DA0D631DA3818F00B3056E /* ximaiter.h in Headers */ = {isa = PBXBuildFile; fileRef = 66DA0D201DA3818F00B3056E /* ximaiter.h */; };
		66DA0D641DA3818F00B3056E /* ximajas.cpp in Sources */ = {isa = PBXBuildFile; fileRef = 66DA0D211DA3818F00B3056E /* ximajas.cpp */; };
		66DA0D651DA3818F00B3056E /* ximajas.cpp in Sources */ = {isa = PBXBuildFile; fileRef = 66DA0D211DA3818F00B3056E /* ximajas.cpp */; };
		66DA0D661DA3818F00B3056E /* ximajas.h in Headers */ = {isa = PBXBuildFile; fileRef = 66DA0D221DA3818F00B3056E /* ximajas.h */; };
		66DA0D671DA3818F00B3056E /* ximajbg.cpp in Sources */ = {isa = PBXBuildFile; fileRef = 66DA0D231DA3818F00B3056E /* ximajbg.cpp */; };
		66DA0D681DA3818F00B3056E /* ximajbg.cpp in Sources */ = {isa = PBXBuildFile; fileRef = 66DA0D231DA3818F00B3056E /* ximajbg.cpp */; };
		66DA0D691DA3818F00B3056E /* ximajbg.h in Headers */ = {isa = PBXBuildFile; fileRef = 66DA0D241DA3818F00B3056E /* ximajbg.h */; };
		66DA0D6A1DA3818F00B3056E /* ximajpg.cpp in Sources */ = {isa = PBXBuildFile; fileRef = 66DA0D251DA3818F00B3056E /* ximajpg.cpp */; };
		66DA0D6B1DA3818F00B3056E /* ximajpg.cpp in Sources */ = {isa = PBXBuildFile; fileRef = 66DA0D251DA3818F00B3056E /* ximajpg.cpp */; };
		66DA0D6C1DA3818F00B3056E /* ximajpg.h in Headers */ = {isa = PBXBuildFile; fileRef = 66DA0D261DA3818F00B3056E /* ximajpg.h */; };
		66DA0D6D1DA3818F00B3056E /* ximalpha.cpp in Sources */ = {isa = PBXBuildFile; fileRef = 66DA0D271DA3818F00B3056E /* ximalpha.cpp */; };
		66DA0D6E1DA3818F00B3056E /* ximalpha.cpp in Sources */ = {isa = PBXBuildFile; fileRef = 66DA0D271DA3818F00B3056E /* ximalpha.cpp */; };
		66DA0D6F1DA3818F00B3056E /* ximalyr.cpp in Sources */ = {isa = PBXBuildFile; fileRef = 66DA0D281DA3818F00B3056E /* ximalyr.cpp */; };
		66DA0D701DA3818F00B3056E /* ximalyr.cpp in Sources */ = {isa = PBXBuildFile; fileRef = 66DA0D281DA3818F00B3056E /* ximalyr.cpp */; };
		66DA0D711DA3818F00B3056E /* ximamng.cpp in Sources */ = {isa = PBXBuildFile; fileRef = 66DA0D291DA3818F00B3056E /* ximamng.cpp */; };
		66DA0D721DA3818F00B3056E /* ximamng.cpp in Sources */ = {isa = PBXBuildFile; fileRef = 66DA0D291DA3818F00B3056E /* ximamng.cpp */; };
		66DA0D731DA3818F00B3056E /* ximamng.h in Headers */ = {isa = PBXBuildFile; fileRef = 66DA0D2A1DA3818F00B3056E /* ximamng.h */; };
		66DA0D741DA3818F00B3056E /* ximapal.cpp in Sources */ = {isa = PBXBuildFile; fileRef = 66DA0D2B1DA3818F00B3056E /* ximapal.cpp */; };
		66DA0D751DA3818F00B3056E /* ximapal.cpp in Sources */ = {isa = PBXBuildFile; fileRef = 66DA0D2B1DA3818F00B3056E /* ximapal.cpp */; };
		66DA0D761DA3818F00B3056E /* ximapcx.cpp in Sources */ = {isa = PBXBuildFile; fileRef = 66DA0D2C1DA3818F00B3056E /* ximapcx.cpp */; };
		66DA0D771DA3818F00B3056E /* ximapcx.cpp in Sources */ = {isa = PBXBuildFile; fileRef = 66DA0D2C1DA3818F00B3056E /* ximapcx.cpp */; };
		66DA0D781DA3818F00B3056E /* ximapcx.h in Headers */ = {isa = PBXBuildFile; fileRef = 66DA0D2D1DA3818F00B3056E /* ximapcx.h */; };
		66DA0D791DA3818F00B3056E /* ximapng.cpp in Sources */ = {isa = PBXBuildFile; fileRef = 66DA0D2E1DA3818F00B3056E /* ximapng.cpp */; };
		66DA0D7A1DA3818F00B3056E /* ximapng.cpp in Sources */ = {isa = PBXBuildFile; fileRef = 66DA0D2E1DA3818F00B3056E /* ximapng.cpp */; };
		66DA0D7B1DA3818F00B3056E /* ximapng.h in Headers */ = {isa = PBXBuildFile; fileRef = 66DA0D2F1DA3818F00B3056E /* ximapng.h */; };
		66DA0D7C1DA3818F00B3056E /* ximapsd.cpp in Sources */ = {isa = PBXBuildFile; fileRef = 66DA0D301DA3818F00B3056E /* ximapsd.cpp */; };
		66DA0D7D1DA3818F00B3056E /* ximapsd.cpp in Sources */ = {isa = PBXBuildFile; fileRef = 66DA0D301DA3818F00B3056E /* ximapsd.cpp */; };
		66DA0D7E1DA3818F00B3056E /* ximapsd.h in Headers */ = {isa = PBXBuildFile; fileRef = 66DA0D311DA3818F00B3056E /* ximapsd.h */; };
		66DA0D7F1DA3818F00B3056E /* ximaraw.cpp in Sources */ = {isa = PBXBuildFile; fileRef = 66DA0D321DA3818F00B3056E /* ximaraw.cpp */; };
		66DA0D801DA3818F00B3056E /* ximaraw.cpp in Sources */ = {isa = PBXBuildFile; fileRef = 66DA0D321DA3818F00B3056E /* ximaraw.cpp */; };
		66DA0D811DA3818F00B3056E /* ximaraw.h in Headers */ = {isa = PBXBuildFile; fileRef = 66DA0D331DA3818F00B3056E /* ximaraw.h */; };
		66DA0D821DA3818F00B3056E /* ximasel.cpp in Sources */ = {isa = PBXBuildFile; fileRef = 66DA0D341DA3818F00B3056E /* ximasel.cpp */; };
		66DA0D831DA3818F00B3056E /* ximasel.cpp in Sources */ = {isa = PBXBuildFile; fileRef = 66DA0D341DA3818F00B3056E /* ximasel.cpp */; };
		66DA0D841DA3818F00B3056E /* ximaska.cpp in Sources */ = {isa = PBXBuildFile; fileRef = 66DA0D351DA3818F00B3056E /* ximaska.cpp */; };
		66DA0D851DA3818F00B3056E /* ximaska.cpp in Sources */ = {isa = PBXBuildFile; fileRef = 66DA0D351DA3818F00B3056E /* ximaska.cpp */; };
		66DA0D861DA3818F00B3056E /* ximaska.h in Headers */ = {isa = PBXBuildFile; fileRef = 66DA0D361DA3818F00B3056E /* ximaska.h */; };
		66DA0D871DA3818F00B3056E /* ximatga.cpp in Sources */ = {isa = PBXBuildFile; fileRef = 66DA0D371DA3818F00B3056E /* ximatga.cpp */; };
		66DA0D881DA3818F00B3056E /* ximatga.cpp in Sources */ = {isa = PBXBuildFile; fileRef = 66DA0D371DA3818F00B3056E /* ximatga.cpp */; };
		66DA0D891DA3818F00B3056E /* ximatga.h in Headers */ = {isa = PBXBuildFile; fileRef = 66DA0D381DA3818F00B3056E /* ximatga.h */; };
		66DA0D8A1DA3818F00B3056E /* ximath.cpp in Sources */ = {isa = PBXBuildFile; fileRef = 66DA0D391DA3818F00B3056E /* ximath.cpp */; };
		66DA0D8B1DA3818F00B3056E /* ximath.cpp in Sources */ = {isa = PBXBuildFile; fileRef = 66DA0D391DA3818F00B3056E /* ximath.cpp */; };
		66DA0D8C1DA3818F00B3056E /* ximath.h in Headers */ = {isa = PBXBuildFile; fileRef = 66DA0D3A1DA3818F00B3056E /* ximath.h */; };
		66DA0D8D1DA3818F00B3056E /* ximatif.cpp in Sources */ = {isa = PBXBuildFile; fileRef = 66DA0D3B1DA3818F00B3056E /* ximatif.cpp */; };
		66DA0D8E1DA3818F00B3056E /* ximatif.cpp in Sources */ = {isa = PBXBuildFile; fileRef = 66DA0D3B1DA3818F00B3056E /* ximatif.cpp */; };
		66DA0D8F1DA3818F00B3056E /* ximatif.h in Headers */ = {isa = PBXBuildFile; fileRef = 66DA0D3C1DA3818F00B3056E /* ximatif.h */; };
		66DA0D901DA3818F00B3056E /* ximatran.cpp in Sources */ = {isa = PBXBuildFile; fileRef = 66DA0D3D1DA3818F00B3056E /* ximatran.cpp */; };
		66DA0D911DA3818F00B3056E /* ximatran.cpp in Sources */ = {isa = PBXBuildFile; fileRef = 66DA0D3D1DA3818F00B3056E /* ximatran.cpp */; };
		66DA0D921DA3818F00B3056E /* ximawbmp.cpp in Sources */ = {isa = PBXBuildFile; fileRef = 66DA0D3E1DA3818F00B3056E /* ximawbmp.cpp */; };
		66DA0D931DA3818F00B3056E /* ximawbmp.cpp in Sources */ = {isa = PBXBuildFile; fileRef = 66DA0D3E1DA3818F00B3056E /* ximawbmp.cpp */; };
		66DA0D941DA3818F00B3056E /* ximawbmp.h in Headers */ = {isa = PBXBuildFile; fileRef = 66DA0D3F1DA3818F00B3056E /* ximawbmp.h */; };
		66DA0D951DA3818F00B3056E /* ximawmf.cpp in Sources */ = {isa = PBXBuildFile; fileRef = 66DA0D401DA3818F00B3056E /* ximawmf.cpp */; };
		66DA0D961DA3818F00B3056E /* ximawmf.cpp in Sources */ = {isa = PBXBuildFile; fileRef = 66DA0D401DA3818F00B3056E /* ximawmf.cpp */; };
		66DA0D971DA3818F00B3056E /* ximawmf.h in Headers */ = {isa = PBXBuildFile; fileRef = 66DA0D411DA3818F00B3056E /* ximawmf.h */; };
		66DA0D981DA3818F00B3056E /* ximawnd.cpp in Sources */ = {isa = PBXBuildFile; fileRef = 66DA0D421DA3818F00B3056E /* ximawnd.cpp */; };
		66DA0D991DA3818F00B3056E /* ximawnd.cpp in Sources */ = {isa = PBXBuildFile; fileRef = 66DA0D421DA3818F00B3056E /* ximawnd.cpp */; };
		66DA0D9A1DA3818F00B3056E /* xiofile.h in Headers */ = {isa = PBXBuildFile; fileRef = 66DA0D431DA3818F00B3056E /* xiofile.h */; };
		66DA0D9B1DA3818F00B3056E /* xmemfile.cpp in Sources */ = {isa = PBXBuildFile; fileRef = 66DA0D441DA3818F00B3056E /* xmemfile.cpp */; };
		66DA0D9C1DA3818F00B3056E /* xmemfile.cpp in Sources */ = {isa = PBXBuildFile; fileRef = 66DA0D441DA3818F00B3056E /* xmemfile.cpp */; };
		66DA0D9D1DA3818F00B3056E /* xmemfile.h in Headers */ = {isa = PBXBuildFile; fileRef = 66DA0D451DA3818F00B3056E /* xmemfile.h */; };
/* End PBXBuildFile section */

/* Begin PBXCopyFilesBuildPhase section */
		66DA0CFA1DA3815100B3056E /* CopyFiles */ = {
			isa = PBXCopyFilesBuildPhase;
			buildActionMask = 2147483647;
			dstPath = "include/$(PRODUCT_NAME)";
			dstSubfolderSpec = 16;
			files = (
			);
			runOnlyForDeploymentPostprocessing = 0;
		};
/* End PBXCopyFilesBuildPhase section */

/* Begin PBXFileReference section */
		66DA0CFC1DA3815100B3056E /* libCxImage_iOS.a */ = {isa = PBXFileReference; explicitFileType = archive.ar; includeInIndex = 0; path = libCxImage_iOS.a; sourceTree = BUILT_PRODUCTS_DIR; };
		66DA0D0A1DA3816700B3056E /* libCxImage_macOS.a */ = {isa = PBXFileReference; explicitFileType = archive.ar; includeInIndex = 0; path = libCxImage_macOS.a; sourceTree = BUILT_PRODUCTS_DIR; };
		66DA0D0E1DA3818F00B3056E /* tif_xfile.cpp */ = {isa = PBXFileReference; fileEncoding = 4; lastKnownFileType = sourcecode.cpp.cpp; path = tif_xfile.cpp; sourceTree = "<group>"; };
		66DA0D0F1DA3818F00B3056E /* xfile.h */ = {isa = PBXFileReference; fileEncoding = 4; lastKnownFileType = sourcecode.c.h; path = xfile.h; sourceTree = "<group>"; };
		66DA0D101DA3818F00B3056E /* ximabmp.cpp */ = {isa = PBXFileReference; fileEncoding = 4; lastKnownFileType = sourcecode.cpp.cpp; path = ximabmp.cpp; sourceTree = "<group>"; };
		66DA0D111DA3818F00B3056E /* ximabmp.h */ = {isa = PBXFileReference; fileEncoding = 4; lastKnownFileType = sourcecode.c.h; path = ximabmp.h; sourceTree = "<group>"; };
		66DA0D121DA3818F00B3056E /* ximacfg.h */ = {isa = PBXFileReference; fileEncoding = 4; lastKnownFileType = sourcecode.c.h; path = ximacfg.h; sourceTree = "<group>"; };
		66DA0D131DA3818F00B3056E /* ximadef.h */ = {isa = PBXFileReference; fileEncoding = 4; lastKnownFileType = sourcecode.c.h; path = ximadef.h; sourceTree = "<group>"; };
		66DA0D141DA3818F00B3056E /* ximadsp.cpp */ = {isa = PBXFileReference; fileEncoding = 4; lastKnownFileType = sourcecode.cpp.cpp; path = ximadsp.cpp; sourceTree = "<group>"; };
		66DA0D151DA3818F00B3056E /* ximaenc.cpp */ = {isa = PBXFileReference; fileEncoding = 4; lastKnownFileType = sourcecode.cpp.cpp; path = ximaenc.cpp; sourceTree = "<group>"; };
		66DA0D161DA3818F00B3056E /* ximaexif.cpp */ = {isa = PBXFileReference; fileEncoding = 4; lastKnownFileType = sourcecode.cpp.cpp; path = ximaexif.cpp; sourceTree = "<group>"; };
		66DA0D171DA3818F00B3056E /* ximage.cpp */ = {isa = PBXFileReference; fileEncoding = 4; lastKnownFileType = sourcecode.cpp.cpp; path = ximage.cpp; sourceTree = "<group>"; };
		66DA0D181DA3818F00B3056E /* ximage.h */ = {isa = PBXFileReference; fileEncoding = 4; lastKnownFileType = sourcecode.c.h; path = ximage.h; sourceTree = "<group>"; };
		66DA0D191DA3818F00B3056E /* ximagif.cpp */ = {isa = PBXFileReference; fileEncoding = 4; lastKnownFileType = sourcecode.cpp.cpp; path = ximagif.cpp; sourceTree = "<group>"; };
		66DA0D1A1DA3818F00B3056E /* ximagif.h */ = {isa = PBXFileReference; fileEncoding = 4; lastKnownFileType = sourcecode.c.h; path = ximagif.h; sourceTree = "<group>"; };
		66DA0D1B1DA3818F00B3056E /* ximahist.cpp */ = {isa = PBXFileReference; fileEncoding = 4; lastKnownFileType = sourcecode.cpp.cpp; path = ximahist.cpp; sourceTree = "<group>"; };
		66DA0D1C1DA3818F00B3056E /* ximaico.cpp */ = {isa = PBXFileReference; fileEncoding = 4; lastKnownFileType = sourcecode.cpp.cpp; path = ximaico.cpp; sourceTree = "<group>"; };
		66DA0D1D1DA3818F00B3056E /* ximaico.h */ = {isa = PBXFileReference; fileEncoding = 4; lastKnownFileType = sourcecode.c.h; path = ximaico.h; sourceTree = "<group>"; };
		66DA0D1E1DA3818F00B3056E /* ximainfo.cpp */ = {isa = PBXFileReference; fileEncoding = 4; lastKnownFileType = sourcecode.cpp.cpp; path = ximainfo.cpp; sourceTree = "<group>"; };
		66DA0D1F1DA3818F00B3056E /* ximaint.cpp */ = {isa = PBXFileReference; fileEncoding = 4; lastKnownFileType = sourcecode.cpp.cpp; path = ximaint.cpp; sourceTree = "<group>"; };
		66DA0D201DA3818F00B3056E /* ximaiter.h */ = {isa = PBXFileReference; fileEncoding = 4; lastKnownFileType = sourcecode.c.h; path = ximaiter.h; sourceTree = "<group>"; };
		66DA0D211DA3818F00B3056E /* ximajas.cpp */ = {isa = PBXFileReference; fileEncoding = 4; lastKnownFileType = sourcecode.cpp.cpp; path = ximajas.cpp; sourceTree = "<group>"; };
		66DA0D221DA3818F00B3056E /* ximajas.h */ = {isa = PBXFileReference; fileEncoding = 4; lastKnownFileType = sourcecode.c.h; path = ximajas.h; sourceTree = "<group>"; };
		66DA0D231DA3818F00B3056E /* ximajbg.cpp */ = {isa = PBXFileReference; fileEncoding = 4; lastKnownFileType = sourcecode.cpp.cpp; path = ximajbg.cpp; sourceTree = "<group>"; };
		66DA0D241DA3818F00B3056E /* ximajbg.h */ = {isa = PBXFileReference; fileEncoding = 4; lastKnownFileType = sourcecode.c.h; path = ximajbg.h; sourceTree = "<group>"; };
		66DA0D251DA3818F00B3056E /* ximajpg.cpp */ = {isa = PBXFileReference; fileEncoding = 4; lastKnownFileType = sourcecode.cpp.cpp; path = ximajpg.cpp; sourceTree = "<group>"; };
		66DA0D261DA3818F00B3056E /* ximajpg.h */ = {isa = PBXFileReference; fileEncoding = 4; lastKnownFileType = sourcecode.c.h; path = ximajpg.h; sourceTree = "<group>"; };
		66DA0D271DA3818F00B3056E /* ximalpha.cpp */ = {isa = PBXFileReference; fileEncoding = 4; lastKnownFileType = sourcecode.cpp.cpp; path = ximalpha.cpp; sourceTree = "<group>"; };
		66DA0D281DA3818F00B3056E /* ximalyr.cpp */ = {isa = PBXFileReference; fileEncoding = 4; lastKnownFileType = sourcecode.cpp.cpp; path = ximalyr.cpp; sourceTree = "<group>"; };
		66DA0D291DA3818F00B3056E /* ximamng.cpp */ = {isa = PBXFileReference; fileEncoding = 4; lastKnownFileType = sourcecode.cpp.cpp; path = ximamng.cpp; sourceTree = "<group>"; };
		66DA0D2A1DA3818F00B3056E /* ximamng.h */ = {isa = PBXFileReference; fileEncoding = 4; lastKnownFileType = sourcecode.c.h; path = ximamng.h; sourceTree = "<group>"; };
		66DA0D2B1DA3818F00B3056E /* ximapal.cpp */ = {isa = PBXFileReference; fileEncoding = 4; lastKnownFileType = sourcecode.cpp.cpp; path = ximapal.cpp; sourceTree = "<group>"; };
		66DA0D2C1DA3818F00B3056E /* ximapcx.cpp */ = {isa = PBXFileReference; fileEncoding = 4; lastKnownFileType = sourcecode.cpp.cpp; path = ximapcx.cpp; sourceTree = "<group>"; };
		66DA0D2D1DA3818F00B3056E /* ximapcx.h */ = {isa = PBXFileReference; fileEncoding = 4; lastKnownFileType = sourcecode.c.h; path = ximapcx.h; sourceTree = "<group>"; };
		66DA0D2E1DA3818F00B3056E /* ximapng.cpp */ = {isa = PBXFileReference; fileEncoding = 4; lastKnownFileType = sourcecode.cpp.cpp; path = ximapng.cpp; sourceTree = "<group>"; };
		66DA0D2F1DA3818F00B3056E /* ximapng.h */ = {isa = PBXFileReference; fileEncoding = 4; lastKnownFileType = sourcecode.c.h; path = ximapng.h; sourceTree = "<group>"; };
		66DA0D301DA3818F00B3056E /* ximapsd.cpp */ = {isa = PBXFileReference; fileEncoding = 4; lastKnownFileType = sourcecode.cpp.cpp; path = ximapsd.cpp; sourceTree = "<group>"; };
		66DA0D311DA3818F00B3056E /* ximapsd.h */ = {isa = PBXFileReference; fileEncoding = 4; lastKnownFileType = sourcecode.c.h; path = ximapsd.h; sourceTree = "<group>"; };
		66DA0D321DA3818F00B3056E /* ximaraw.cpp */ = {isa = PBXFileReference; fileEncoding = 4; lastKnownFileType = sourcecode.cpp.cpp; path = ximaraw.cpp; sourceTree = "<group>"; };
		66DA0D331DA3818F00B3056E /* ximaraw.h */ = {isa = PBXFileReference; fileEncoding = 4; lastKnownFileType = sourcecode.c.h; path = ximaraw.h; sourceTree = "<group>"; };
		66DA0D341DA3818F00B3056E /* ximasel.cpp */ = {isa = PBXFileReference; fileEncoding = 4; lastKnownFileType = sourcecode.cpp.cpp; path = ximasel.cpp; sourceTree = "<group>"; };
		66DA0D351DA3818F00B3056E /* ximaska.cpp */ = {isa = PBXFileReference; fileEncoding = 4; lastKnownFileType = sourcecode.cpp.cpp; path = ximaska.cpp; sourceTree = "<group>"; };
		66DA0D361DA3818F00B3056E /* ximaska.h */ = {isa = PBXFileReference; fileEncoding = 4; lastKnownFileType = sourcecode.c.h; path = ximaska.h; sourceTree = "<group>"; };
		66DA0D371DA3818F00B3056E /* ximatga.cpp */ = {isa = PBXFileReference; fileEncoding = 4; lastKnownFileType = sourcecode.cpp.cpp; path = ximatga.cpp; sourceTree = "<group>"; };
		66DA0D381DA3818F00B3056E /* ximatga.h */ = {isa = PBXFileReference; fileEncoding = 4; lastKnownFileType = sourcecode.c.h; path = ximatga.h; sourceTree = "<group>"; };
		66DA0D391DA3818F00B3056E /* ximath.cpp */ = {isa = PBXFileReference; fileEncoding = 4; lastKnownFileType = sourcecode.cpp.cpp; path = ximath.cpp; sourceTree = "<group>"; };
		66DA0D3A1DA3818F00B3056E /* ximath.h */ = {isa = PBXFileReference; fileEncoding = 4; lastKnownFileType = sourcecode.c.h; path = ximath.h; sourceTree = "<group>"; };
		66DA0D3B1DA3818F00B3056E /* ximatif.cpp */ = {isa = PBXFileReference; fileEncoding = 4; lastKnownFileType = sourcecode.cpp.cpp; path = ximatif.cpp; sourceTree = "<group>"; };
		66DA0D3C1DA3818F00B3056E /* ximatif.h */ = {isa = PBXFileReference; fileEncoding = 4; lastKnownFileType = sourcecode.c.h; path = ximatif.h; sourceTree = "<group>"; };
		66DA0D3D1DA3818F00B3056E /* ximatran.cpp */ = {isa = PBXFileReference; fileEncoding = 4; lastKnownFileType = sourcecode.cpp.cpp; path = ximatran.cpp; sourceTree = "<group>"; };
		66DA0D3E1DA3818F00B3056E /* ximawbmp.cpp */ = {isa = PBXFileReference; fileEncoding = 4; lastKnownFileType = sourcecode.cpp.cpp; path = ximawbmp.cpp; sourceTree = "<group>"; };
		66DA0D3F1DA3818F00B3056E /* ximawbmp.h */ = {isa = PBXFileReference; fileEncoding = 4; lastKnownFileType = sourcecode.c.h; path = ximawbmp.h; sourceTree = "<group>"; };
		66DA0D401DA3818F00B3056E /* ximawmf.cpp */ = {isa = PBXFileReference; fileEncoding = 4; lastKnownFileType = sourcecode.cpp.cpp; path = ximawmf.cpp; sourceTree = "<group>"; };
		66DA0D411DA3818F00B3056E /* ximawmf.h */ = {isa = PBXFileReference; fileEncoding = 4; lastKnownFileType = sourcecode.c.h; path = ximawmf.h; sourceTree = "<group>"; };
		66DA0D421DA3818F00B3056E /* ximawnd.cpp */ = {isa = PBXFileReference; fileEncoding = 4; lastKnownFileType = sourcecode.cpp.cpp; path = ximawnd.cpp; sourceTree = "<group>"; };
		66DA0D431DA3818F00B3056E /* xiofile.h */ = {isa = PBXFileReference; fileEncoding = 4; lastKnownFileType = sourcecode.c.h; path = xiofile.h; sourceTree = "<group>"; };
		66DA0D441DA3818F00B3056E /* xmemfile.cpp */ = {isa = PBXFileReference; fileEncoding = 4; lastKnownFileType = sourcecode.cpp.cpp; path = xmemfile.cpp; sourceTree = "<group>"; };
		66DA0D451DA3818F00B3056E /* xmemfile.h */ = {isa = PBXFileReference; fileEncoding = 4; lastKnownFileType = sourcecode.c.h; path = xmemfile.h; sourceTree = "<group>"; };
/* End PBXFileReference section */

/* Begin PBXFrameworksBuildPhase section */
		66DA0CF91DA3815100B3056E /* Frameworks */ = {
			isa = PBXFrameworksBuildPhase;
			buildActionMask = 2147483647;
			files = (
			);
			runOnlyForDeploymentPostprocessing = 0;
		};
		66DA0D071DA3816700B3056E /* Frameworks */ = {
			isa = PBXFrameworksBuildPhase;
			buildActionMask = 2147483647;
			files = (
			);
			runOnlyForDeploymentPostprocessing = 0;
		};
/* End PBXFrameworksBuildPhase section */

/* Begin PBXGroup section */
		66DA0C8B1DA3502600B3056E = {
			isa = PBXGroup;
			children = (
				66DA0D0E1DA3818F00B3056E /* tif_xfile.cpp */,
				66DA0D0F1DA3818F00B3056E /* xfile.h */,
				66DA0D101DA3818F00B3056E /* ximabmp.cpp */,
				66DA0D111DA3818F00B3056E /* ximabmp.h */,
				66DA0D121DA3818F00B3056E /* ximacfg.h */,
				66DA0D131DA3818F00B3056E /* ximadef.h */,
				66DA0D141DA3818F00B3056E /* ximadsp.cpp */,
				66DA0D151DA3818F00B3056E /* ximaenc.cpp */,
				66DA0D161DA3818F00B3056E /* ximaexif.cpp */,
				66DA0D171DA3818F00B3056E /* ximage.cpp */,
				66DA0D181DA3818F00B3056E /* ximage.h */,
				66DA0D191DA3818F00B3056E /* ximagif.cpp */,
				66DA0D1A1DA3818F00B3056E /* ximagif.h */,
				66DA0D1B1DA3818F00B3056E /* ximahist.cpp */,
				66DA0D1C1DA3818F00B3056E /* ximaico.cpp */,
				66DA0D1D1DA3818F00B3056E /* ximaico.h */,
				66DA0D1E1DA3818F00B3056E /* ximainfo.cpp */,
				66DA0D1F1DA3818F00B3056E /* ximaint.cpp */,
				66DA0D201DA3818F00B3056E /* ximaiter.h */,
				66DA0D211DA3818F00B3056E /* ximajas.cpp */,
				66DA0D221DA3818F00B3056E /* ximajas.h */,
				66DA0D231DA3818F00B3056E /* ximajbg.cpp */,
				66DA0D241DA3818F00B3056E /* ximajbg.h */,
				66DA0D251DA3818F00B3056E /* ximajpg.cpp */,
				66DA0D261DA3818F00B3056E /* ximajpg.h */,
				66DA0D271DA3818F00B3056E /* ximalpha.cpp */,
				66DA0D281DA3818F00B3056E /* ximalyr.cpp */,
				66DA0D291DA3818F00B3056E /* ximamng.cpp */,
				66DA0D2A1DA3818F00B3056E /* ximamng.h */,
				66DA0D2B1DA3818F00B3056E /* ximapal.cpp */,
				66DA0D2C1DA3818F00B3056E /* ximapcx.cpp */,
				66DA0D2D1DA3818F00B3056E /* ximapcx.h */,
				66DA0D2E1DA3818F00B3056E /* ximapng.cpp */,
				66DA0D2F1DA3818F00B3056E /* ximapng.h */,
				66DA0D301DA3818F00B3056E /* ximapsd.cpp */,
				66DA0D311DA3818F00B3056E /* ximapsd.h */,
				66DA0D321DA3818F00B3056E /* ximaraw.cpp */,
				66DA0D331DA3818F00B3056E /* ximaraw.h */,
				66DA0D341DA3818F00B3056E /* ximasel.cpp */,
				66DA0D351DA3818F00B3056E /* ximaska.cpp */,
				66DA0D361DA3818F00B3056E /* ximaska.h */,
				66DA0D371DA3818F00B3056E /* ximatga.cpp */,
				66DA0D381DA3818F00B3056E /* ximatga.h */,
				66DA0D391DA3818F00B3056E /* ximath.cpp */,
				66DA0D3A1DA3818F00B3056E /* ximath.h */,
				66DA0D3B1DA3818F00B3056E /* ximatif.cpp */,
				66DA0D3C1DA3818F00B3056E /* ximatif.h */,
				66DA0D3D1DA3818F00B3056E /* ximatran.cpp */,
				66DA0D3E1DA3818F00B3056E /* ximawbmp.cpp */,
				66DA0D3F1DA3818F00B3056E /* ximawbmp.h */,
				66DA0D401DA3818F00B3056E /* ximawmf.cpp */,
				66DA0D411DA3818F00B3056E /* ximawmf.h */,
				66DA0D421DA3818F00B3056E /* ximawnd.cpp */,
				66DA0D431DA3818F00B3056E /* xiofile.h */,
				66DA0D441DA3818F00B3056E /* xmemfile.cpp */,
				66DA0D451DA3818F00B3056E /* xmemfile.h */,
				66DA0CFD1DA3815100B3056E /* Products */,
			);
			sourceTree = "<group>";
		};
		66DA0CFD1DA3815100B3056E /* Products */ = {
			isa = PBXGroup;
			children = (
				66DA0CFC1DA3815100B3056E /* libCxImage_iOS.a */,
				66DA0D0A1DA3816700B3056E /* libCxImage_macOS.a */,
			);
			name = Products;
			sourceTree = "<group>";
		};
/* End PBXGroup section */

/* Begin PBXHeadersBuildPhase section */
		66DA0D081DA3816700B3056E /* Headers */ = {
			isa = PBXHeadersBuildPhase;
			buildActionMask = 2147483647;
			files = (
				66DA0D481DA3818F00B3056E /* xfile.h in Headers */,
				66DA0D8F1DA3818F00B3056E /* ximatif.h in Headers */,
				66DA0D561DA3818F00B3056E /* ximage.h in Headers */,
				66DA0D891DA3818F00B3056E /* ximatga.h in Headers */,
				66DA0D941DA3818F00B3056E /* ximawbmp.h in Headers */,
				66DA0D6C1DA3818F00B3056E /* ximajpg.h in Headers */,
				66DA0D661DA3818F00B3056E /* ximajas.h in Headers */,
				66DA0D591DA3818F00B3056E /* ximagif.h in Headers */,
				66DA0D7E1DA3818F00B3056E /* ximapsd.h in Headers */,
				66DA0D8C1DA3818F00B3056E /* ximath.h in Headers */,
				66DA0D631DA3818F00B3056E /* ximaiter.h in Headers */,
				66DA0D781DA3818F00B3056E /* ximapcx.h in Headers */,
				66DA0D9A1DA3818F00B3056E /* xiofile.h in Headers */,
				66DA0D811DA3818F00B3056E /* ximaraw.h in Headers */,
				66DA0D691DA3818F00B3056E /* ximajbg.h in Headers */,
				66DA0D9D1DA3818F00B3056E /* xmemfile.h in Headers */,
				66DA0D4D1DA3818F00B3056E /* ximadef.h in Headers */,
				66DA0D7B1DA3818F00B3056E /* ximapng.h in Headers */,
				66DA0D731DA3818F00B3056E /* ximamng.h in Headers */,
				66DA0D5E1DA3818F00B3056E /* ximaico.h in Headers */,
				66DA0D971DA3818F00B3056E /* ximawmf.h in Headers */,
				66DA0D861DA3818F00B3056E /* ximaska.h in Headers */,
				66DA0D4B1DA3818F00B3056E /* ximabmp.h in Headers */,
				66DA0D4C1DA3818F00B3056E /* ximacfg.h in Headers */,
			);
			runOnlyForDeploymentPostprocessing = 0;
		};
/* End PBXHeadersBuildPhase section */

/* Begin PBXNativeTarget section */
		66DA0CFB1DA3815100B3056E /* CxImage_iOS */ = {
			isa = PBXNativeTarget;
			buildConfigurationList = 66DA0D051DA3815100B3056E /* Build configuration list for PBXNativeTarget "CxImage_iOS" */;
			buildPhases = (
				66DA0CF81DA3815100B3056E /* Sources */,
				66DA0CF91DA3815100B3056E /* Frameworks */,
				66DA0CFA1DA3815100B3056E /* CopyFiles */,
			);
			buildRules = (
			);
			dependencies = (
			);
			name = CxImage_iOS;
			productName = CxImage_iOS;
			productReference = 66DA0CFC1DA3815100B3056E /* libCxImage_iOS.a */;
			productType = "com.apple.product-type.library.static";
		};
		66DA0D091DA3816700B3056E /* CxImage_macOS */ = {
			isa = PBXNativeTarget;
			buildConfigurationList = 66DA0D0B1DA3816700B3056E /* Build configuration list for PBXNativeTarget "CxImage_macOS" */;
			buildPhases = (
				66DA0D061DA3816700B3056E /* Sources */,
				66DA0D071DA3816700B3056E /* Frameworks */,
				66DA0D081DA3816700B3056E /* Headers */,
			);
			buildRules = (
			);
			dependencies = (
			);
			name = CxImage_macOS;
			productName = CxImage_macOS;
			productReference = 66DA0D0A1DA3816700B3056E /* libCxImage_macOS.a */;
			productType = "com.apple.product-type.library.static";
		};
/* End PBXNativeTarget section */

/* Begin PBXProject section */
		66DA0C8C1DA3502600B3056E /* Project object */ = {
			isa = PBXProject;
			attributes = {
				LastUpgradeCheck = 0800;
				TargetAttributes = {
					66DA0CFB1DA3815100B3056E = {
						CreatedOnToolsVersion = 8.0;
						ProvisioningStyle = Automatic;
					};
					66DA0D091DA3816700B3056E = {
						CreatedOnToolsVersion = 8.0;
						ProvisioningStyle = Automatic;
					};
				};
			};
			buildConfigurationList = 66DA0C8F1DA3502600B3056E /* Build configuration list for PBXProject "CxImage" */;
			compatibilityVersion = "Xcode 3.2";
			developmentRegion = English;
			hasScannedForEncodings = 0;
			knownRegions = (
				en,
			);
			mainGroup = 66DA0C8B1DA3502600B3056E;
			productRefGroup = 66DA0CFD1DA3815100B3056E /* Products */;
			projectDirPath = "";
			projectRoot = "";
			targets = (
				66DA0CFB1DA3815100B3056E /* CxImage_iOS */,
				66DA0D091DA3816700B3056E /* CxImage_macOS */,
			);
		};
/* End PBXProject section */

/* Begin PBXSourcesBuildPhase section */
		66DA0CF81DA3815100B3056E /* Sources */ = {
			isa = PBXSourcesBuildPhase;
			buildActionMask = 2147483647;
			files = (
				66DA0D741DA3818F00B3056E /* ximapal.cpp in Sources */,
				66DA0D5C1DA3818F00B3056E /* ximaico.cpp in Sources */,
				66DA0D4E1DA3818F00B3056E /* ximadsp.cpp in Sources */,
				66DA0D8D1DA3818F00B3056E /* ximatif.cpp in Sources */,
				66DA0D6F1DA3818F00B3056E /* ximalyr.cpp in Sources */,
				66DA0D8A1DA3818F00B3056E /* ximath.cpp in Sources */,
				66DA0D711DA3818F00B3056E /* ximamng.cpp in Sources */,
				66DA0D611DA3818F00B3056E /* ximaint.cpp in Sources */,
				66DA0D821DA3818F00B3056E /* ximasel.cpp in Sources */,
				66DA0D7C1DA3818F00B3056E /* ximapsd.cpp in Sources */,
				66DA0D501DA3818F00B3056E /* ximaenc.cpp in Sources */,
				66DA0D951DA3818F00B3056E /* ximawmf.cpp in Sources */,
				66DA0D921DA3818F00B3056E /* ximawbmp.cpp in Sources */,
				66DA0D541DA3818F00B3056E /* ximage.cpp in Sources */,
				66DA0D521DA3818F00B3056E /* ximaexif.cpp in Sources */,
				66DA0D901DA3818F00B3056E /* ximatran.cpp in Sources */,
				66DA0D981DA3818F00B3056E /* ximawnd.cpp in Sources */,
				66DA0D871DA3818F00B3056E /* ximatga.cpp in Sources */,
				66DA0D6D1DA3818F00B3056E /* ximalpha.cpp in Sources */,
				66DA0D5A1DA3818F00B3056E /* ximahist.cpp in Sources */,
				66DA0D9B1DA3818F00B3056E /* xmemfile.cpp in Sources */,
				66DA0D5F1DA3818F00B3056E /* ximainfo.cpp in Sources */,
				66DA0D791DA3818F00B3056E /* ximapng.cpp in Sources */,
				66DA0D491DA3818F00B3056E /* ximabmp.cpp in Sources */,
				66DA0D671DA3818F00B3056E /* ximajbg.cpp in Sources */,
				66DA0D6A1DA3818F00B3056E /* ximajpg.cpp in Sources */,
				66DA0D841DA3818F00B3056E /* ximaska.cpp in Sources */,
				66DA0D641DA3818F00B3056E /* ximajas.cpp in Sources */,
				66DA0D761DA3818F00B3056E /* ximapcx.cpp in Sources */,
				66DA0D461DA3818F00B3056E /* tif_xfile.cpp in Sources */,
				66DA0D571DA3818F00B3056E /* ximagif.cpp in Sources */,
				66DA0D7F1DA3818F00B3056E /* ximaraw.cpp in Sources */,
			);
			runOnlyForDeploymentPostprocessing = 0;
		};
		66DA0D061DA3816700B3056E /* Sources */ = {
			isa = PBXSourcesBuildPhase;
			buildActionMask = 2147483647;
			files = (
				66DA0D751DA3818F00B3056E /* ximapal.cpp in Sources */,
				66DA0D5D1DA3818F00B3056E /* ximaico.cpp in Sources */,
				66DA0D4F1DA3818F00B3056E /* ximadsp.cpp in Sources */,
				66DA0D8E1DA3818F00B3056E /* ximatif.cpp in Sources */,
				66DA0D701DA3818F00B3056E /* ximalyr.cpp in Sources */,
				66DA0D8B1DA3818F00B3056E /* ximath.cpp in Sources */,
				66DA0D721DA3818F00B3056E /* ximamng.cpp in Sources */,
				66DA0D621DA3818F00B3056E /* ximaint.cpp in Sources */,
				66DA0D831DA3818F00B3056E /* ximasel.cpp in Sources */,
				66DA0D7D1DA3818F00B3056E /* ximapsd.cpp in Sources */,
				66DA0D511DA3818F00B3056E /* ximaenc.cpp in Sources */,
				66DA0D961DA3818F00B3056E /* ximawmf.cpp in Sources */,
				66DA0D931DA3818F00B3056E /* ximawbmp.cpp in Sources */,
				66DA0D551DA3818F00B3056E /* ximage.cpp in Sources */,
				66DA0D531DA3818F00B3056E /* ximaexif.cpp in Sources */,
				66DA0D911DA3818F00B3056E /* ximatran.cpp in Sources */,
				66DA0D991DA3818F00B3056E /* ximawnd.cpp in Sources */,
				66DA0D881DA3818F00B3056E /* ximatga.cpp in Sources */,
				66DA0D6E1DA3818F00B3056E /* ximalpha.cpp in Sources */,
				66DA0D5B1DA3818F00B3056E /* ximahist.cpp in Sources */,
				66DA0D9C1DA3818F00B3056E /* xmemfile.cpp in Sources */,
				66DA0D601DA3818F00B3056E /* ximainfo.cpp in Sources */,
				66DA0D7A1DA3818F00B3056E /* ximapng.cpp in Sources */,
				66DA0D4A1DA3818F00B3056E /* ximabmp.cpp in Sources */,
				66DA0D681DA3818F00B3056E /* ximajbg.cpp in Sources */,
				66DA0D6B1DA3818F00B3056E /* ximajpg.cpp in Sources */,
				66DA0D851DA3818F00B3056E /* ximaska.cpp in Sources */,
				66DA0D651DA3818F00B3056E /* ximajas.cpp in Sources */,
				66DA0D771DA3818F00B3056E /* ximapcx.cpp in Sources */,
				66DA0D471DA3818F00B3056E /* tif_xfile.cpp in Sources */,
				66DA0D581DA3818F00B3056E /* ximagif.cpp in Sources */,
				66DA0D801DA3818F00B3056E /* ximaraw.cpp in Sources */,
			);
			runOnlyForDeploymentPostprocessing = 0;
		};
/* End PBXSourcesBuildPhase section */

/* Begin XCBuildConfiguration section */
		66DA0C901DA3502600B3056E /* Debug */ = {
			isa = XCBuildConfiguration;
			buildSettings = {
				CLANG_CXX_LANGUAGE_STANDARD = "c++0x";
				CLANG_CXX_LIBRARY = "libc++";
				GCC_C_LANGUAGE_STANDARD = c99;
				GCC_PREPROCESSOR_DEFINITIONS = "_DEBUG=1";
				ONLY_ACTIVE_ARCH = NO;
			};
			name = Debug;
		};
		66DA0C911DA3502600B3056E /* Release */ = {
			isa = XCBuildConfiguration;
			buildSettings = {
				CLANG_CXX_LANGUAGE_STANDARD = "c++0x";
				CLANG_CXX_LIBRARY = "libc++";
				GCC_C_LANGUAGE_STANDARD = c99;
			};
			name = Release;
		};
		66DA0D031DA3815100B3056E /* Debug */ = {
			isa = XCBuildConfiguration;
			buildSettings = {
				ALWAYS_SEARCH_USER_PATHS = NO;
				CLANG_WARN_BOOL_CONVERSION = YES;
				CLANG_WARN_CONSTANT_CONVERSION = YES;
				CLANG_WARN_DIRECT_OBJC_ISA_USAGE = YES_ERROR;
				CLANG_WARN_DOCUMENTATION_COMMENTS = YES;
				CLANG_WARN_EMPTY_BODY = YES;
				CLANG_WARN_ENUM_CONVERSION = YES;
				CLANG_WARN_INT_CONVERSION = YES;
				CLANG_WARN_OBJC_ROOT_CLASS = YES_ERROR;
				CLANG_WARN_UNREACHABLE_CODE = YES;
				CLANG_WARN__DUPLICATE_METHOD_MATCH = YES;
				COPY_PHASE_STRIP = NO;
				DEBUG_INFORMATION_FORMAT = dwarf;
				ENABLE_STRICT_OBJC_MSGSEND = YES;
				ENABLE_TESTABILITY = YES;
				GCC_DYNAMIC_NO_PIC = NO;
				GCC_NO_COMMON_BLOCKS = YES;
				GCC_OPTIMIZATION_LEVEL = 0;
				GCC_PREPROCESSOR_DEFINITIONS = (
					"DEBUG=1",
					"$(inherited)",
				);
				GCC_WARN_64_TO_32_BIT_CONVERSION = YES;
				GCC_WARN_ABOUT_RETURN_TYPE = YES_ERROR;
				GCC_WARN_UNDECLARED_SELECTOR = YES;
				GCC_WARN_UNINITIALIZED_AUTOS = YES_AGGRESSIVE;
				GCC_WARN_UNUSED_FUNCTION = YES;
				GCC_WARN_UNUSED_VARIABLE = YES;
				PRODUCT_NAME = "$(TARGET_NAME)";
				SDKROOT = iphoneos;
				SKIP_INSTALL = YES;
			};
			name = Debug;
		};
		66DA0D041DA3815100B3056E /* Release */ = {
			isa = XCBuildConfiguration;
			buildSettings = {
				ALWAYS_SEARCH_USER_PATHS = NO;
				CLANG_WARN_BOOL_CONVERSION = YES;
				CLANG_WARN_CONSTANT_CONVERSION = YES;
				CLANG_WARN_DIRECT_OBJC_ISA_USAGE = YES_ERROR;
				CLANG_WARN_DOCUMENTATION_COMMENTS = YES;
				CLANG_WARN_EMPTY_BODY = YES;
				CLANG_WARN_ENUM_CONVERSION = YES;
				CLANG_WARN_INT_CONVERSION = YES;
				CLANG_WARN_OBJC_ROOT_CLASS = YES_ERROR;
				CLANG_WARN_UNREACHABLE_CODE = YES;
				CLANG_WARN__DUPLICATE_METHOD_MATCH = YES;
				COPY_PHASE_STRIP = NO;
				DEBUG_INFORMATION_FORMAT = "dwarf-with-dsym";
				ENABLE_NS_ASSERTIONS = NO;
				ENABLE_STRICT_OBJC_MSGSEND = YES;
				GCC_NO_COMMON_BLOCKS = YES;
				GCC_WARN_64_TO_32_BIT_CONVERSION = YES;
				GCC_WARN_ABOUT_RETURN_TYPE = YES_ERROR;
				GCC_WARN_UNDECLARED_SELECTOR = YES;
				GCC_WARN_UNINITIALIZED_AUTOS = YES_AGGRESSIVE;
				GCC_WARN_UNUSED_FUNCTION = YES;
				GCC_WARN_UNUSED_VARIABLE = YES;
				PRODUCT_NAME = "$(TARGET_NAME)";
				SDKROOT = iphoneos;
				SKIP_INSTALL = YES;
				VALIDATE_PRODUCT = YES;
			};
			name = Release;
		};
		66DA0D0C1DA3816700B3056E /* Debug */ = {
			isa = XCBuildConfiguration;
			buildSettings = {
				ALWAYS_SEARCH_USER_PATHS = NO;
				ARCHS = "$(ARCHS_STANDARD_32_64_BIT)";
				CLANG_WARN_BOOL_CONVERSION = YES;
				CLANG_WARN_CONSTANT_CONVERSION = YES;
				CLANG_WARN_DIRECT_OBJC_ISA_USAGE = YES_ERROR;
				CLANG_WARN_DOCUMENTATION_COMMENTS = YES;
				CLANG_WARN_EMPTY_BODY = YES;
				CLANG_WARN_ENUM_CONVERSION = YES;
				CLANG_WARN_INT_CONVERSION = YES;
				CLANG_WARN_OBJC_ROOT_CLASS = YES_ERROR;
				CLANG_WARN_UNREACHABLE_CODE = YES;
				CLANG_WARN__DUPLICATE_METHOD_MATCH = YES;
				COPY_PHASE_STRIP = NO;
				DEBUG_INFORMATION_FORMAT = dwarf;
				ENABLE_STRICT_OBJC_MSGSEND = YES;
				ENABLE_TESTABILITY = YES;
				EXECUTABLE_PREFIX = lib;
				GCC_DYNAMIC_NO_PIC = NO;
				GCC_NO_COMMON_BLOCKS = YES;
				GCC_OPTIMIZATION_LEVEL = 0;
				GCC_PREPROCESSOR_DEFINITIONS = (
					"DEBUG=1",
					"$(inherited)",
				);
				GCC_WARN_64_TO_32_BIT_CONVERSION = YES;
				GCC_WARN_ABOUT_RETURN_TYPE = YES_ERROR;
				GCC_WARN_UNDECLARED_SELECTOR = YES;
				GCC_WARN_UNINITIALIZED_AUTOS = YES_AGGRESSIVE;
				GCC_WARN_UNUSED_FUNCTION = YES;
				GCC_WARN_UNUSED_VARIABLE = YES;
				PRODUCT_NAME = "$(TARGET_NAME)";
				SDKROOT = macosx;
			};
			name = Debug;
		};
		66DA0D0D1DA3816700B3056E /* Release */ = {
			isa = XCBuildConfiguration;
			buildSettings = {
				ALWAYS_SEARCH_USER_PATHS = NO;
				ARCHS = "$(ARCHS_STANDARD_32_64_BIT)";
				CLANG_WARN_BOOL_CONVERSION = YES;
				CLANG_WARN_CONSTANT_CONVERSION = YES;
				CLANG_WARN_DIRECT_OBJC_ISA_USAGE = YES_ERROR;
				CLANG_WARN_DOCUMENTATION_COMMENTS = YES;
				CLANG_WARN_EMPTY_BODY = YES;
				CLANG_WARN_ENUM_CONVERSION = YES;
				CLANG_WARN_INT_CONVERSION = YES;
				CLANG_WARN_OBJC_ROOT_CLASS = YES_ERROR;
				CLANG_WARN_UNREACHABLE_CODE = YES;
				CLANG_WARN__DUPLICATE_METHOD_MATCH = YES;
				COPY_PHASE_STRIP = NO;
				DEBUG_INFORMATION_FORMAT = "dwarf-with-dsym";
				ENABLE_NS_ASSERTIONS = NO;
				ENABLE_STRICT_OBJC_MSGSEND = YES;
				EXECUTABLE_PREFIX = lib;
				GCC_NO_COMMON_BLOCKS = YES;
				GCC_WARN_64_TO_32_BIT_CONVERSION = YES;
				GCC_WARN_ABOUT_RETURN_TYPE = YES_ERROR;
				GCC_WARN_UNDECLARED_SELECTOR = YES;
				GCC_WARN_UNINITIALIZED_AUTOS = YES_AGGRESSIVE;
				GCC_WARN_UNUSED_FUNCTION = YES;
				GCC_WARN_UNUSED_VARIABLE = YES;
				PRODUCT_NAME = "$(TARGET_NAME)";
				SDKROOT = macosx;
			};
			name = Release;
		};
/* End XCBuildConfiguration section */

/* Begin XCConfigurationList section */
		66DA0C8F1DA3502600B3056E /* Build configuration list for PBXProject "CxImage" */ = {
			isa = XCConfigurationList;
			buildConfigurations = (
				66DA0C901DA3502600B3056E /* Debug */,
				66DA0C911DA3502600B3056E /* Release */,
			);
			defaultConfigurationIsVisible = 0;
			defaultConfigurationName = Release;
		};
		66DA0D051DA3815100B3056E /* Build configuration list for PBXNativeTarget "CxImage_iOS" */ = {
			isa = XCConfigurationList;
			buildConfigurations = (
				66DA0D031DA3815100B3056E /* Debug */,
				66DA0D041DA3815100B3056E /* Release */,
			);
			defaultConfigurationIsVisible = 0;
			defaultConfigurationName = Release;
		};
		66DA0D0B1DA3816700B3056E /* Build configuration list for PBXNativeTarget "CxImage_macOS" */ = {
			isa = XCConfigurationList;
			buildConfigurations = (
				66DA0D0C1DA3816700B3056E /* Debug */,
				66DA0D0D1DA3816700B3056E /* Release */,
			);
			defaultConfigurationIsVisible = 0;
			defaultConfigurationName = Release;
		};
/* End XCConfigurationList section */
	};
	rootObject = 66DA0C8C1DA3502600B3056E /* Project object */;
}
