<?xml version="1.0" encoding="utf-8"?>
<Project ToolsVersion="4.0" xmlns="http://schemas.microsoft.com/developer/msbuild/2003">
  <ItemGroup>
    <Filter Include="src">
      <UniqueIdentifier>{a1922354-1255-4e03-bfc6-862646dd90e7}</UniqueIdentifier>
      <ParseFiles>false</ParseFiles>
    </Filter>
    <Filter Include="src\BulletCollision">
      <UniqueIdentifier>{3669cfe5-ab16-46c3-95e3-a9c2a5ef2151}</UniqueIdentifier>
    </Filter>
    <Filter Include="src\BulletDynamics">
      <UniqueIdentifier>{b870f4c8-8aca-466f-90f5-8fe5a980ede1}</UniqueIdentifier>
    </Filter>
    <Filter Include="src\BulletSoftBody">
      <UniqueIdentifier>{449f7663-6345-4086-9b4b-ab0e43447e8a}</UniqueIdentifier>
    </Filter>
    <Filter Include="src\LinearMath">
      <UniqueIdentifier>{22baefe2-b77d-42db-8dfc-eb53909bffe2}</UniqueIdentifier>
    </Filter>
    <Filter Include="src\vectormath">
      <UniqueIdentifier>{fb59d882-7f61-418b-a548-94c8867a5f73}</UniqueIdentifier>
    </Filter>
    <Filter Include="src\vectormath\scalar">
      <UniqueIdentifier>{643786ca-da32-4ba0-905f-6aa955ef1dab}</UniqueIdentifier>
    </Filter>
    <Filter Include="src\vectormath\sse">
      <UniqueIdentifier>{52d05713-3004-46ec-95d4-8eca11497b8c}</UniqueIdentifier>
    </Filter>
    <Filter Include="src\BulletDynamics\Character">
      <UniqueIdentifier>{ae310b9c-205e-4ed9-a256-dfbcdf5b8daf}</UniqueIdentifier>
    </Filter>
    <Filter Include="src\BulletDynamics\ConstraintSolver">
      <UniqueIdentifier>{74473820-7260-4108-8e5b-91df03cc12ce}</UniqueIdentifier>
    </Filter>
    <Filter Include="src\BulletDynamics\Dynamics">
      <UniqueIdentifier>{cad06136-72cd-481e-8261-8f55fb3924cf}</UniqueIdentifier>
    </Filter>
    <Filter Include="src\BulletDynamics\Vehicle">
      <UniqueIdentifier>{1552df4f-311a-4a0b-a902-f41d3a8bf336}</UniqueIdentifier>
    </Filter>
    <Filter Include="src\BulletCollision\BroadphaseCollision">
      <UniqueIdentifier>{0d4e8849-0c0d-4809-9d69-55d5912806a2}</UniqueIdentifier>
    </Filter>
    <Filter Include="src\BulletCollision\CollisionDispatch">
      <UniqueIdentifier>{b93c3b70-81af-4b48-8f7a-1a22da66da9a}</UniqueIdentifier>
    </Filter>
    <Filter Include="src\BulletCollision\CollisionShapes">
      <UniqueIdentifier>{e4befca2-bbd6-48c9-acc7-bd8672563180}</UniqueIdentifier>
    </Filter>
    <Filter Include="src\BulletCollision\Gimpact">
      <UniqueIdentifier>{6bc2a51c-f9e7-4b00-b356-69ded0083437}</UniqueIdentifier>
    </Filter>
    <Filter Include="src\BulletCollision\NarrowPhaseCollision">
      <UniqueIdentifier>{be93bc76-d1b0-4cd8-9e26-a4d375a209e2}</UniqueIdentifier>
    </Filter>
    <Filter Include="src\vectormath\neon">
      <UniqueIdentifier>{d7bbfd85-022d-474d-a6a7-68fa5b76601c}</UniqueIdentifier>
    </Filter>
    <Filter Include="Extras">
      <UniqueIdentifier>{e038ab3d-1fe6-4726-86a3-f135452bca3e}</UniqueIdentifier>
    </Filter>
    <Filter Include="Extras\HACD">
      <UniqueIdentifier>{bc4bf715-485b-4471-acdf-397082357f31}</UniqueIdentifier>
    </Filter>
    <Filter Include="src\BulletDynamics\Featherstone">
      <UniqueIdentifier>{931ac41f-2e41-4982-afeb-4ad52dba67dc}</UniqueIdentifier>
    </Filter>
    <Filter Include="src\BulletDynamics\MLCPSolvers">
      <UniqueIdentifier>{2068fa5f-4c52-47cc-a54b-153919cbbf39}</UniqueIdentifier>
    </Filter>
  </ItemGroup>
  <ItemGroup>
    <ClInclude Include="src\btBulletCollisionCommon.h">
      <Filter>src</Filter>
    </ClInclude>
    <ClInclude Include="src\btBulletDynamicsCommon.h">
      <Filter>src</Filter>
    </ClInclude>
    <ClInclude Include="src\Bullet-C-Api.h">
      <Filter>src</Filter>
    </ClInclude>
    <ClInclude Include="src\vectormath\vmInclude.h">
      <Filter>src\vectormath</Filter>
    </ClInclude>
    <ClInclude Include="src\vectormath\scalar\boolInVec.h">
      <Filter>src\vectormath\scalar</Filter>
    </ClInclude>
    <ClInclude Include="src\vectormath\scalar\floatInVec.h">
      <Filter>src\vectormath\scalar</Filter>
    </ClInclude>
    <ClInclude Include="src\vectormath\scalar\mat_aos.h">
      <Filter>src\vectormath\scalar</Filter>
    </ClInclude>
    <ClInclude Include="src\vectormath\scalar\quat_aos.h">
      <Filter>src\vectormath\scalar</Filter>
    </ClInclude>
    <ClInclude Include="src\vectormath\scalar\vec_aos.h">
      <Filter>src\vectormath\scalar</Filter>
    </ClInclude>
    <ClInclude Include="src\vectormath\scalar\vectormath_aos.h">
      <Filter>src\vectormath\scalar</Filter>
    </ClInclude>
    <ClInclude Include="src\vectormath\sse\boolInVec.h">
      <Filter>src\vectormath\sse</Filter>
    </ClInclude>
    <ClInclude Include="src\vectormath\sse\floatInVec.h">
      <Filter>src\vectormath\sse</Filter>
    </ClInclude>
    <ClInclude Include="src\vectormath\sse\mat_aos.h">
      <Filter>src\vectormath\sse</Filter>
    </ClInclude>
    <ClInclude Include="src\vectormath\sse\quat_aos.h">
      <Filter>src\vectormath\sse</Filter>
    </ClInclude>
    <ClInclude Include="src\vectormath\sse\vec_aos.h">
      <Filter>src\vectormath\sse</Filter>
    </ClInclude>
    <ClInclude Include="src\vectormath\sse\vecidx_aos.h">
      <Filter>src\vectormath\sse</Filter>
    </ClInclude>
    <ClInclude Include="src\vectormath\sse\vectormath_aos.h">
      <Filter>src\vectormath\sse</Filter>
    </ClInclude>
    <ClInclude Include="src\LinearMath\btAabbUtil2.h">
      <Filter>src\LinearMath</Filter>
    </ClInclude>
    <ClInclude Include="src\LinearMath\btAlignedAllocator.h">
      <Filter>src\LinearMath</Filter>
    </ClInclude>
    <ClInclude Include="src\LinearMath\btAlignedObjectArray.h">
      <Filter>src\LinearMath</Filter>
    </ClInclude>
    <ClInclude Include="src\LinearMath\btConvexHull.h">
      <Filter>src\LinearMath</Filter>
    </ClInclude>
    <ClInclude Include="src\LinearMath\btConvexHullComputer.h">
      <Filter>src\LinearMath</Filter>
    </ClInclude>
    <ClInclude Include="src\LinearMath\btDefaultMotionState.h">
      <Filter>src\LinearMath</Filter>
    </ClInclude>
    <ClInclude Include="src\LinearMath\btGeometryUtil.h">
      <Filter>src\LinearMath</Filter>
    </ClInclude>
    <ClInclude Include="src\LinearMath\btHashMap.h">
      <Filter>src\LinearMath</Filter>
    </ClInclude>
    <ClInclude Include="src\LinearMath\btIDebugDraw.h">
      <Filter>src\LinearMath</Filter>
    </ClInclude>
    <ClInclude Include="src\LinearMath\btList.h">
      <Filter>src\LinearMath</Filter>
    </ClInclude>
    <ClInclude Include="src\LinearMath\btMatrix3x3.h">
      <Filter>src\LinearMath</Filter>
    </ClInclude>
    <ClInclude Include="src\LinearMath\btMinMax.h">
      <Filter>src\LinearMath</Filter>
    </ClInclude>
    <ClInclude Include="src\LinearMath\btMotionState.h">
      <Filter>src\LinearMath</Filter>
    </ClInclude>
    <ClInclude Include="src\LinearMath\btPoolAllocator.h">
      <Filter>src\LinearMath</Filter>
    </ClInclude>
    <ClInclude Include="src\LinearMath\btQuadWord.h">
      <Filter>src\LinearMath</Filter>
    </ClInclude>
    <ClInclude Include="src\LinearMath\btQuaternion.h">
      <Filter>src\LinearMath</Filter>
    </ClInclude>
    <ClInclude Include="src\LinearMath\btQuickprof.h">
      <Filter>src\LinearMath</Filter>
    </ClInclude>
    <ClInclude Include="src\LinearMath\btRandom.h">
      <Filter>src\LinearMath</Filter>
    </ClInclude>
    <ClInclude Include="src\LinearMath\btScalar.h">
      <Filter>src\LinearMath</Filter>
    </ClInclude>
    <ClInclude Include="src\LinearMath\btSerializer.h">
      <Filter>src\LinearMath</Filter>
    </ClInclude>
    <ClInclude Include="src\LinearMath\btStackAlloc.h">
      <Filter>src\LinearMath</Filter>
    </ClInclude>
    <ClInclude Include="src\LinearMath\btTransform.h">
      <Filter>src\LinearMath</Filter>
    </ClInclude>
    <ClInclude Include="src\LinearMath\btTransformUtil.h">
      <Filter>src\LinearMath</Filter>
    </ClInclude>
    <ClInclude Include="src\LinearMath\btVector3.h">
      <Filter>src\LinearMath</Filter>
    </ClInclude>
    <ClInclude Include="src\BulletSoftBody\btDefaultSoftBodySolver.h">
      <Filter>src\BulletSoftBody</Filter>
    </ClInclude>
    <ClInclude Include="src\BulletSoftBody\btSoftBody.h">
      <Filter>src\BulletSoftBody</Filter>
    </ClInclude>
    <ClInclude Include="src\BulletSoftBody\btSoftBodyConcaveCollisionAlgorithm.h">
      <Filter>src\BulletSoftBody</Filter>
    </ClInclude>
    <ClInclude Include="src\BulletSoftBody\btSoftBodyData.h">
      <Filter>src\BulletSoftBody</Filter>
    </ClInclude>
    <ClInclude Include="src\BulletSoftBody\btSoftBodyHelpers.h">
      <Filter>src\BulletSoftBody</Filter>
    </ClInclude>
    <ClInclude Include="src\BulletSoftBody\btSoftBodyInternals.h">
      <Filter>src\BulletSoftBody</Filter>
    </ClInclude>
    <ClInclude Include="src\BulletSoftBody\btSoftBodyRigidBodyCollisionConfiguration.h">
      <Filter>src\BulletSoftBody</Filter>
    </ClInclude>
    <ClInclude Include="src\BulletSoftBody\btSoftBodySolvers.h">
      <Filter>src\BulletSoftBody</Filter>
    </ClInclude>
    <ClInclude Include="src\BulletSoftBody\btSoftBodySolverVertexBuffer.h">
      <Filter>src\BulletSoftBody</Filter>
    </ClInclude>
    <ClInclude Include="src\BulletSoftBody\btSoftRigidCollisionAlgorithm.h">
      <Filter>src\BulletSoftBody</Filter>
    </ClInclude>
    <ClInclude Include="src\BulletSoftBody\btSoftRigidDynamicsWorld.h">
      <Filter>src\BulletSoftBody</Filter>
    </ClInclude>
    <ClInclude Include="src\BulletSoftBody\btSoftSoftCollisionAlgorithm.h">
      <Filter>src\BulletSoftBody</Filter>
    </ClInclude>
    <ClInclude Include="src\BulletSoftBody\btSparseSDF.h">
      <Filter>src\BulletSoftBody</Filter>
    </ClInclude>
    <ClInclude Include="src\BulletDynamics\Character\btCharacterControllerInterface.h">
      <Filter>src\BulletDynamics\Character</Filter>
    </ClInclude>
    <ClInclude Include="src\BulletDynamics\Character\btKinematicCharacterController.h">
      <Filter>src\BulletDynamics\Character</Filter>
    </ClInclude>
    <ClInclude Include="src\BulletDynamics\ConstraintSolver\btConeTwistConstraint.h">
      <Filter>src\BulletDynamics\ConstraintSolver</Filter>
    </ClInclude>
    <ClInclude Include="src\BulletDynamics\ConstraintSolver\btConstraintSolver.h">
      <Filter>src\BulletDynamics\ConstraintSolver</Filter>
    </ClInclude>
    <ClInclude Include="src\BulletDynamics\ConstraintSolver\btContactConstraint.h">
      <Filter>src\BulletDynamics\ConstraintSolver</Filter>
    </ClInclude>
    <ClInclude Include="src\BulletDynamics\ConstraintSolver\btContactSolverInfo.h">
      <Filter>src\BulletDynamics\ConstraintSolver</Filter>
    </ClInclude>
    <ClInclude Include="src\BulletDynamics\ConstraintSolver\btGeneric6DofConstraint.h">
      <Filter>src\BulletDynamics\ConstraintSolver</Filter>
    </ClInclude>
    <ClInclude Include="src\BulletDynamics\ConstraintSolver\btGeneric6DofSpringConstraint.h">
      <Filter>src\BulletDynamics\ConstraintSolver</Filter>
    </ClInclude>
    <ClInclude Include="src\BulletDynamics\ConstraintSolver\btHinge2Constraint.h">
      <Filter>src\BulletDynamics\ConstraintSolver</Filter>
    </ClInclude>
    <ClInclude Include="src\BulletDynamics\ConstraintSolver\btHingeConstraint.h">
      <Filter>src\BulletDynamics\ConstraintSolver</Filter>
    </ClInclude>
    <ClInclude Include="src\BulletDynamics\ConstraintSolver\btJacobianEntry.h">
      <Filter>src\BulletDynamics\ConstraintSolver</Filter>
    </ClInclude>
    <ClInclude Include="src\BulletDynamics\ConstraintSolver\btPoint2PointConstraint.h">
      <Filter>src\BulletDynamics\ConstraintSolver</Filter>
    </ClInclude>
    <ClInclude Include="src\BulletDynamics\ConstraintSolver\btSequentialImpulseConstraintSolver.h">
      <Filter>src\BulletDynamics\ConstraintSolver</Filter>
    </ClInclude>
    <ClInclude Include="src\BulletDynamics\ConstraintSolver\btSliderConstraint.h">
      <Filter>src\BulletDynamics\ConstraintSolver</Filter>
    </ClInclude>
    <ClInclude Include="src\BulletDynamics\ConstraintSolver\btSolve2LinearConstraint.h">
      <Filter>src\BulletDynamics\ConstraintSolver</Filter>
    </ClInclude>
    <ClInclude Include="src\BulletDynamics\ConstraintSolver\btSolverBody.h">
      <Filter>src\BulletDynamics\ConstraintSolver</Filter>
    </ClInclude>
    <ClInclude Include="src\BulletDynamics\ConstraintSolver\btSolverConstraint.h">
      <Filter>src\BulletDynamics\ConstraintSolver</Filter>
    </ClInclude>
    <ClInclude Include="src\BulletDynamics\ConstraintSolver\btTypedConstraint.h">
      <Filter>src\BulletDynamics\ConstraintSolver</Filter>
    </ClInclude>
    <ClInclude Include="src\BulletDynamics\ConstraintSolver\btUniversalConstraint.h">
      <Filter>src\BulletDynamics\ConstraintSolver</Filter>
    </ClInclude>
    <ClInclude Include="src\BulletDynamics\Dynamics\btActionInterface.h">
      <Filter>src\BulletDynamics\Dynamics</Filter>
    </ClInclude>
    <ClInclude Include="src\BulletDynamics\Dynamics\btDiscreteDynamicsWorld.h">
      <Filter>src\BulletDynamics\Dynamics</Filter>
    </ClInclude>
    <ClInclude Include="src\BulletDynamics\Dynamics\btDynamicsWorld.h">
      <Filter>src\BulletDynamics\Dynamics</Filter>
    </ClInclude>
    <ClInclude Include="src\BulletDynamics\Dynamics\btRigidBody.h">
      <Filter>src\BulletDynamics\Dynamics</Filter>
    </ClInclude>
    <ClInclude Include="src\BulletDynamics\Dynamics\btSimpleDynamicsWorld.h">
      <Filter>src\BulletDynamics\Dynamics</Filter>
    </ClInclude>
    <ClInclude Include="src\BulletDynamics\Vehicle\btRaycastVehicle.h">
      <Filter>src\BulletDynamics\Vehicle</Filter>
    </ClInclude>
    <ClInclude Include="src\BulletDynamics\Vehicle\btVehicleRaycaster.h">
      <Filter>src\BulletDynamics\Vehicle</Filter>
    </ClInclude>
    <ClInclude Include="src\BulletDynamics\Vehicle\btWheelInfo.h">
      <Filter>src\BulletDynamics\Vehicle</Filter>
    </ClInclude>
    <ClInclude Include="src\BulletCollision\BroadphaseCollision\btAxisSweep3.h">
      <Filter>src\BulletCollision\BroadphaseCollision</Filter>
    </ClInclude>
    <ClInclude Include="src\BulletCollision\BroadphaseCollision\btBroadphaseInterface.h">
      <Filter>src\BulletCollision\BroadphaseCollision</Filter>
    </ClInclude>
    <ClInclude Include="src\BulletCollision\BroadphaseCollision\btBroadphaseProxy.h">
      <Filter>src\BulletCollision\BroadphaseCollision</Filter>
    </ClInclude>
    <ClInclude Include="src\BulletCollision\BroadphaseCollision\btCollisionAlgorithm.h">
      <Filter>src\BulletCollision\BroadphaseCollision</Filter>
    </ClInclude>
    <ClInclude Include="src\BulletCollision\BroadphaseCollision\btDbvt.h">
      <Filter>src\BulletCollision\BroadphaseCollision</Filter>
    </ClInclude>
    <ClInclude Include="src\BulletCollision\BroadphaseCollision\btDbvtBroadphase.h">
      <Filter>src\BulletCollision\BroadphaseCollision</Filter>
    </ClInclude>
    <ClInclude Include="src\BulletCollision\BroadphaseCollision\btDispatcher.h">
      <Filter>src\BulletCollision\BroadphaseCollision</Filter>
    </ClInclude>
    <ClInclude Include="src\BulletCollision\BroadphaseCollision\btMultiSapBroadphase.h">
      <Filter>src\BulletCollision\BroadphaseCollision</Filter>
    </ClInclude>
    <ClInclude Include="src\BulletCollision\BroadphaseCollision\btOverlappingPairCache.h">
      <Filter>src\BulletCollision\BroadphaseCollision</Filter>
    </ClInclude>
    <ClInclude Include="src\BulletCollision\BroadphaseCollision\btOverlappingPairCallback.h">
      <Filter>src\BulletCollision\BroadphaseCollision</Filter>
    </ClInclude>
    <ClInclude Include="src\BulletCollision\BroadphaseCollision\btQuantizedBvh.h">
      <Filter>src\BulletCollision\BroadphaseCollision</Filter>
    </ClInclude>
    <ClInclude Include="src\BulletCollision\BroadphaseCollision\btSimpleBroadphase.h">
      <Filter>src\BulletCollision\BroadphaseCollision</Filter>
    </ClInclude>
    <ClInclude Include="src\BulletCollision\CollisionDispatch\btActivatingCollisionAlgorithm.h">
      <Filter>src\BulletCollision\CollisionDispatch</Filter>
    </ClInclude>
    <ClInclude Include="src\BulletCollision\CollisionDispatch\btBox2dBox2dCollisionAlgorithm.h">
      <Filter>src\BulletCollision\CollisionDispatch</Filter>
    </ClInclude>
    <ClInclude Include="src\BulletCollision\CollisionDispatch\btBoxBoxCollisionAlgorithm.h">
      <Filter>src\BulletCollision\CollisionDispatch</Filter>
    </ClInclude>
    <ClInclude Include="src\BulletCollision\CollisionDispatch\btBoxBoxDetector.h">
      <Filter>src\BulletCollision\CollisionDispatch</Filter>
    </ClInclude>
    <ClInclude Include="src\BulletCollision\CollisionDispatch\btCollisionConfiguration.h">
      <Filter>src\BulletCollision\CollisionDispatch</Filter>
    </ClInclude>
    <ClInclude Include="src\BulletCollision\CollisionDispatch\btCollisionCreateFunc.h">
      <Filter>src\BulletCollision\CollisionDispatch</Filter>
    </ClInclude>
    <ClInclude Include="src\BulletCollision\CollisionDispatch\btCollisionDispatcher.h">
      <Filter>src\BulletCollision\CollisionDispatch</Filter>
    </ClInclude>
    <ClInclude Include="src\BulletCollision\CollisionDispatch\btCollisionObject.h">
      <Filter>src\BulletCollision\CollisionDispatch</Filter>
    </ClInclude>
    <ClInclude Include="src\BulletCollision\CollisionDispatch\btCollisionWorld.h">
      <Filter>src\BulletCollision\CollisionDispatch</Filter>
    </ClInclude>
    <ClInclude Include="src\BulletCollision\CollisionDispatch\btCompoundCollisionAlgorithm.h">
      <Filter>src\BulletCollision\CollisionDispatch</Filter>
    </ClInclude>
    <ClInclude Include="src\BulletCollision\CollisionDispatch\btConvex2dConvex2dAlgorithm.h">
      <Filter>src\BulletCollision\CollisionDispatch</Filter>
    </ClInclude>
    <ClInclude Include="src\BulletCollision\CollisionDispatch\btConvexConcaveCollisionAlgorithm.h">
      <Filter>src\BulletCollision\CollisionDispatch</Filter>
    </ClInclude>
    <ClInclude Include="src\BulletCollision\CollisionDispatch\btConvexConvexAlgorithm.h">
      <Filter>src\BulletCollision\CollisionDispatch</Filter>
    </ClInclude>
    <ClInclude Include="src\BulletCollision\CollisionDispatch\btConvexPlaneCollisionAlgorithm.h">
      <Filter>src\BulletCollision\CollisionDispatch</Filter>
    </ClInclude>
    <ClInclude Include="src\BulletCollision\CollisionDispatch\btDefaultCollisionConfiguration.h">
      <Filter>src\BulletCollision\CollisionDispatch</Filter>
    </ClInclude>
    <ClInclude Include="src\BulletCollision\CollisionDispatch\btEmptyCollisionAlgorithm.h">
      <Filter>src\BulletCollision\CollisionDispatch</Filter>
    </ClInclude>
    <ClInclude Include="src\BulletCollision\CollisionDispatch\btGhostObject.h">
      <Filter>src\BulletCollision\CollisionDispatch</Filter>
    </ClInclude>
    <ClInclude Include="src\BulletCollision\CollisionDispatch\btInternalEdgeUtility.h">
      <Filter>src\BulletCollision\CollisionDispatch</Filter>
    </ClInclude>
    <ClInclude Include="src\BulletCollision\CollisionDispatch\btManifoldResult.h">
      <Filter>src\BulletCollision\CollisionDispatch</Filter>
    </ClInclude>
    <ClInclude Include="src\BulletCollision\CollisionDispatch\btSimulationIslandManager.h">
      <Filter>src\BulletCollision\CollisionDispatch</Filter>
    </ClInclude>
    <ClInclude Include="src\BulletCollision\CollisionDispatch\btSphereBoxCollisionAlgorithm.h">
      <Filter>src\BulletCollision\CollisionDispatch</Filter>
    </ClInclude>
    <ClInclude Include="src\BulletCollision\CollisionDispatch\btSphereSphereCollisionAlgorithm.h">
      <Filter>src\BulletCollision\CollisionDispatch</Filter>
    </ClInclude>
    <ClInclude Include="src\BulletCollision\CollisionDispatch\btSphereTriangleCollisionAlgorithm.h">
      <Filter>src\BulletCollision\CollisionDispatch</Filter>
    </ClInclude>
    <ClInclude Include="src\BulletCollision\CollisionDispatch\btUnionFind.h">
      <Filter>src\BulletCollision\CollisionDispatch</Filter>
    </ClInclude>
    <ClInclude Include="src\BulletCollision\CollisionDispatch\SphereTriangleDetector.h">
      <Filter>src\BulletCollision\CollisionDispatch</Filter>
    </ClInclude>
    <ClInclude Include="src\BulletCollision\CollisionShapes\btBox2dShape.h">
      <Filter>src\BulletCollision\CollisionShapes</Filter>
    </ClInclude>
    <ClInclude Include="src\BulletCollision\CollisionShapes\btBoxShape.h">
      <Filter>src\BulletCollision\CollisionShapes</Filter>
    </ClInclude>
    <ClInclude Include="src\BulletCollision\CollisionShapes\btBvhTriangleMeshShape.h">
      <Filter>src\BulletCollision\CollisionShapes</Filter>
    </ClInclude>
    <ClInclude Include="src\BulletCollision\CollisionShapes\btCapsuleShape.h">
      <Filter>src\BulletCollision\CollisionShapes</Filter>
    </ClInclude>
    <ClInclude Include="src\BulletCollision\CollisionShapes\btCollisionMargin.h">
      <Filter>src\BulletCollision\CollisionShapes</Filter>
    </ClInclude>
    <ClInclude Include="src\BulletCollision\CollisionShapes\btCollisionShape.h">
      <Filter>src\BulletCollision\CollisionShapes</Filter>
    </ClInclude>
    <ClInclude Include="src\BulletCollision\CollisionShapes\btCompoundShape.h">
      <Filter>src\BulletCollision\CollisionShapes</Filter>
    </ClInclude>
    <ClInclude Include="src\BulletCollision\CollisionShapes\btConcaveShape.h">
      <Filter>src\BulletCollision\CollisionShapes</Filter>
    </ClInclude>
    <ClInclude Include="src\BulletCollision\CollisionShapes\btConeShape.h">
      <Filter>src\BulletCollision\CollisionShapes</Filter>
    </ClInclude>
    <ClInclude Include="src\BulletCollision\CollisionShapes\btConvex2dShape.h">
      <Filter>src\BulletCollision\CollisionShapes</Filter>
    </ClInclude>
    <ClInclude Include="src\BulletCollision\CollisionShapes\btConvexHullShape.h">
      <Filter>src\BulletCollision\CollisionShapes</Filter>
    </ClInclude>
    <ClInclude Include="src\BulletCollision\CollisionShapes\btConvexInternalShape.h">
      <Filter>src\BulletCollision\CollisionShapes</Filter>
    </ClInclude>
    <ClInclude Include="src\BulletCollision\CollisionShapes\btConvexPointCloudShape.h">
      <Filter>src\BulletCollision\CollisionShapes</Filter>
    </ClInclude>
    <ClInclude Include="src\BulletCollision\CollisionShapes\btConvexPolyhedron.h">
      <Filter>src\BulletCollision\CollisionShapes</Filter>
    </ClInclude>
    <ClInclude Include="src\BulletCollision\CollisionShapes\btConvexShape.h">
      <Filter>src\BulletCollision\CollisionShapes</Filter>
    </ClInclude>
    <ClInclude Include="src\BulletCollision\CollisionShapes\btConvexTriangleMeshShape.h">
      <Filter>src\BulletCollision\CollisionShapes</Filter>
    </ClInclude>
    <ClInclude Include="src\BulletCollision\CollisionShapes\btCylinderShape.h">
      <Filter>src\BulletCollision\CollisionShapes</Filter>
    </ClInclude>
    <ClInclude Include="src\BulletCollision\CollisionShapes\btEmptyShape.h">
      <Filter>src\BulletCollision\CollisionShapes</Filter>
    </ClInclude>
    <ClInclude Include="src\BulletCollision\CollisionShapes\btHeightfieldTerrainShape.h">
      <Filter>src\BulletCollision\CollisionShapes</Filter>
    </ClInclude>
    <ClInclude Include="src\BulletCollision\CollisionShapes\btMaterial.h">
      <Filter>src\BulletCollision\CollisionShapes</Filter>
    </ClInclude>
    <ClInclude Include="src\BulletCollision\CollisionShapes\btMinkowskiSumShape.h">
      <Filter>src\BulletCollision\CollisionShapes</Filter>
    </ClInclude>
    <ClInclude Include="src\BulletCollision\CollisionShapes\btMultimaterialTriangleMeshShape.h">
      <Filter>src\BulletCollision\CollisionShapes</Filter>
    </ClInclude>
    <ClInclude Include="src\BulletCollision\CollisionShapes\btMultiSphereShape.h">
      <Filter>src\BulletCollision\CollisionShapes</Filter>
    </ClInclude>
    <ClInclude Include="src\BulletCollision\CollisionShapes\btOptimizedBvh.h">
      <Filter>src\BulletCollision\CollisionShapes</Filter>
    </ClInclude>
    <ClInclude Include="src\BulletCollision\CollisionShapes\btPolyhedralConvexShape.h">
      <Filter>src\BulletCollision\CollisionShapes</Filter>
    </ClInclude>
    <ClInclude Include="src\BulletCollision\CollisionShapes\btScaledBvhTriangleMeshShape.h">
      <Filter>src\BulletCollision\CollisionShapes</Filter>
    </ClInclude>
    <ClInclude Include="src\BulletCollision\CollisionShapes\btShapeHull.h">
      <Filter>src\BulletCollision\CollisionShapes</Filter>
    </ClInclude>
    <ClInclude Include="src\BulletCollision\CollisionShapes\btSphereShape.h">
      <Filter>src\BulletCollision\CollisionShapes</Filter>
    </ClInclude>
    <ClInclude Include="src\BulletCollision\CollisionShapes\btStaticPlaneShape.h">
      <Filter>src\BulletCollision\CollisionShapes</Filter>
    </ClInclude>
    <ClInclude Include="src\BulletCollision\CollisionShapes\btStridingMeshInterface.h">
      <Filter>src\BulletCollision\CollisionShapes</Filter>
    </ClInclude>
    <ClInclude Include="src\BulletCollision\CollisionShapes\btTetrahedronShape.h">
      <Filter>src\BulletCollision\CollisionShapes</Filter>
    </ClInclude>
    <ClInclude Include="src\BulletCollision\CollisionShapes\btTriangleBuffer.h">
      <Filter>src\BulletCollision\CollisionShapes</Filter>
    </ClInclude>
    <ClInclude Include="src\BulletCollision\CollisionShapes\btTriangleCallback.h">
      <Filter>src\BulletCollision\CollisionShapes</Filter>
    </ClInclude>
    <ClInclude Include="src\BulletCollision\CollisionShapes\btTriangleIndexVertexArray.h">
      <Filter>src\BulletCollision\CollisionShapes</Filter>
    </ClInclude>
    <ClInclude Include="src\BulletCollision\CollisionShapes\btTriangleIndexVertexMaterialArray.h">
      <Filter>src\BulletCollision\CollisionShapes</Filter>
    </ClInclude>
    <ClInclude Include="src\BulletCollision\CollisionShapes\btTriangleInfoMap.h">
      <Filter>src\BulletCollision\CollisionShapes</Filter>
    </ClInclude>
    <ClInclude Include="src\BulletCollision\CollisionShapes\btTriangleMesh.h">
      <Filter>src\BulletCollision\CollisionShapes</Filter>
    </ClInclude>
    <ClInclude Include="src\BulletCollision\CollisionShapes\btTriangleMeshShape.h">
      <Filter>src\BulletCollision\CollisionShapes</Filter>
    </ClInclude>
    <ClInclude Include="src\BulletCollision\CollisionShapes\btTriangleShape.h">
      <Filter>src\BulletCollision\CollisionShapes</Filter>
    </ClInclude>
    <ClInclude Include="src\BulletCollision\CollisionShapes\btUniformScalingShape.h">
      <Filter>src\BulletCollision\CollisionShapes</Filter>
    </ClInclude>
    <ClInclude Include="src\BulletCollision\Gimpact\btBoxCollision.h">
      <Filter>src\BulletCollision\Gimpact</Filter>
    </ClInclude>
    <ClInclude Include="src\BulletCollision\Gimpact\btClipPolygon.h">
      <Filter>src\BulletCollision\Gimpact</Filter>
    </ClInclude>
    <ClInclude Include="src\BulletCollision\Gimpact\btContactProcessing.h">
      <Filter>src\BulletCollision\Gimpact</Filter>
    </ClInclude>
    <ClInclude Include="src\BulletCollision\Gimpact\btGenericPoolAllocator.h">
      <Filter>src\BulletCollision\Gimpact</Filter>
    </ClInclude>
    <ClInclude Include="src\BulletCollision\Gimpact\btGeometryOperations.h">
      <Filter>src\BulletCollision\Gimpact</Filter>
    </ClInclude>
    <ClInclude Include="src\BulletCollision\Gimpact\btGImpactBvh.h">
      <Filter>src\BulletCollision\Gimpact</Filter>
    </ClInclude>
    <ClInclude Include="src\BulletCollision\Gimpact\btGImpactCollisionAlgorithm.h">
      <Filter>src\BulletCollision\Gimpact</Filter>
    </ClInclude>
    <ClInclude Include="src\BulletCollision\Gimpact\btGImpactMassUtil.h">
      <Filter>src\BulletCollision\Gimpact</Filter>
    </ClInclude>
    <ClInclude Include="src\BulletCollision\Gimpact\btGImpactQuantizedBvh.h">
      <Filter>src\BulletCollision\Gimpact</Filter>
    </ClInclude>
    <ClInclude Include="src\BulletCollision\Gimpact\btGImpactShape.h">
      <Filter>src\BulletCollision\Gimpact</Filter>
    </ClInclude>
    <ClInclude Include="src\BulletCollision\Gimpact\btQuantization.h">
      <Filter>src\BulletCollision\Gimpact</Filter>
    </ClInclude>
    <ClInclude Include="src\BulletCollision\Gimpact\btTriangleShapeEx.h">
      <Filter>src\BulletCollision\Gimpact</Filter>
    </ClInclude>
    <ClInclude Include="src\BulletCollision\Gimpact\gim_array.h">
      <Filter>src\BulletCollision\Gimpact</Filter>
    </ClInclude>
    <ClInclude Include="src\BulletCollision\Gimpact\gim_basic_geometry_operations.h">
      <Filter>src\BulletCollision\Gimpact</Filter>
    </ClInclude>
    <ClInclude Include="src\BulletCollision\Gimpact\gim_bitset.h">
      <Filter>src\BulletCollision\Gimpact</Filter>
    </ClInclude>
    <ClInclude Include="src\BulletCollision\Gimpact\gim_box_collision.h">
      <Filter>src\BulletCollision\Gimpact</Filter>
    </ClInclude>
    <ClInclude Include="src\BulletCollision\Gimpact\gim_box_set.h">
      <Filter>src\BulletCollision\Gimpact</Filter>
    </ClInclude>
    <ClInclude Include="src\BulletCollision\Gimpact\gim_clip_polygon.h">
      <Filter>src\BulletCollision\Gimpact</Filter>
    </ClInclude>
    <ClInclude Include="src\BulletCollision\Gimpact\gim_contact.h">
      <Filter>src\BulletCollision\Gimpact</Filter>
    </ClInclude>
    <ClInclude Include="src\BulletCollision\Gimpact\gim_geom_types.h">
      <Filter>src\BulletCollision\Gimpact</Filter>
    </ClInclude>
    <ClInclude Include="src\BulletCollision\Gimpact\gim_geometry.h">
      <Filter>src\BulletCollision\Gimpact</Filter>
    </ClInclude>
    <ClInclude Include="src\BulletCollision\Gimpact\gim_hash_table.h">
      <Filter>src\BulletCollision\Gimpact</Filter>
    </ClInclude>
    <ClInclude Include="src\BulletCollision\Gimpact\gim_linear_math.h">
      <Filter>src\BulletCollision\Gimpact</Filter>
    </ClInclude>
    <ClInclude Include="src\BulletCollision\Gimpact\gim_math.h">
      <Filter>src\BulletCollision\Gimpact</Filter>
    </ClInclude>
    <ClInclude Include="src\BulletCollision\Gimpact\gim_memory.h">
      <Filter>src\BulletCollision\Gimpact</Filter>
    </ClInclude>
    <ClInclude Include="src\BulletCollision\Gimpact\gim_radixsort.h">
      <Filter>src\BulletCollision\Gimpact</Filter>
    </ClInclude>
    <ClInclude Include="src\BulletCollision\Gimpact\gim_tri_collision.h">
      <Filter>src\BulletCollision\Gimpact</Filter>
    </ClInclude>
    <ClInclude Include="src\BulletCollision\NarrowPhaseCollision\btContinuousConvexCollision.h">
      <Filter>src\BulletCollision\NarrowPhaseCollision</Filter>
    </ClInclude>
    <ClInclude Include="src\BulletCollision\NarrowPhaseCollision\btConvexCast.h">
      <Filter>src\BulletCollision\NarrowPhaseCollision</Filter>
    </ClInclude>
    <ClInclude Include="src\BulletCollision\NarrowPhaseCollision\btConvexPenetrationDepthSolver.h">
      <Filter>src\BulletCollision\NarrowPhaseCollision</Filter>
    </ClInclude>
    <ClInclude Include="src\BulletCollision\NarrowPhaseCollision\btDiscreteCollisionDetectorInterface.h">
      <Filter>src\BulletCollision\NarrowPhaseCollision</Filter>
    </ClInclude>
    <ClInclude Include="src\BulletCollision\NarrowPhaseCollision\btGjkConvexCast.h">
      <Filter>src\BulletCollision\NarrowPhaseCollision</Filter>
    </ClInclude>
    <ClInclude Include="src\BulletCollision\NarrowPhaseCollision\btGjkEpa2.h">
      <Filter>src\BulletCollision\NarrowPhaseCollision</Filter>
    </ClInclude>
    <ClInclude Include="src\BulletCollision\NarrowPhaseCollision\btGjkEpaPenetrationDepthSolver.h">
      <Filter>src\BulletCollision\NarrowPhaseCollision</Filter>
    </ClInclude>
    <ClInclude Include="src\BulletCollision\NarrowPhaseCollision\btGjkPairDetector.h">
      <Filter>src\BulletCollision\NarrowPhaseCollision</Filter>
    </ClInclude>
    <ClInclude Include="src\BulletCollision\NarrowPhaseCollision\btManifoldPoint.h">
      <Filter>src\BulletCollision\NarrowPhaseCollision</Filter>
    </ClInclude>
    <ClInclude Include="src\BulletCollision\NarrowPhaseCollision\btMinkowskiPenetrationDepthSolver.h">
      <Filter>src\BulletCollision\NarrowPhaseCollision</Filter>
    </ClInclude>
    <ClInclude Include="src\BulletCollision\NarrowPhaseCollision\btPersistentManifold.h">
      <Filter>src\BulletCollision\NarrowPhaseCollision</Filter>
    </ClInclude>
    <ClInclude Include="src\BulletCollision\NarrowPhaseCollision\btPointCollector.h">
      <Filter>src\BulletCollision\NarrowPhaseCollision</Filter>
    </ClInclude>
    <ClInclude Include="src\BulletCollision\NarrowPhaseCollision\btPolyhedralContactClipping.h">
      <Filter>src\BulletCollision\NarrowPhaseCollision</Filter>
    </ClInclude>
    <ClInclude Include="src\BulletCollision\NarrowPhaseCollision\btRaycastCallback.h">
      <Filter>src\BulletCollision\NarrowPhaseCollision</Filter>
    </ClInclude>
    <ClInclude Include="src\BulletCollision\NarrowPhaseCollision\btSimplexSolverInterface.h">
      <Filter>src\BulletCollision\NarrowPhaseCollision</Filter>
    </ClInclude>
    <ClInclude Include="src\BulletCollision\NarrowPhaseCollision\btSubSimplexConvexCast.h">
      <Filter>src\BulletCollision\NarrowPhaseCollision</Filter>
    </ClInclude>
    <ClInclude Include="src\BulletCollision\NarrowPhaseCollision\btVoronoiSimplexSolver.h">
      <Filter>src\BulletCollision\NarrowPhaseCollision</Filter>
    </ClInclude>
    <ClInclude Include="src\LinearMath\btGrahamScan2dConvexHull.h">
      <Filter>src\LinearMath</Filter>
    </ClInclude>
    <ClInclude Include="src\vectormath\neon\boolInVec.h">
      <Filter>src\vectormath\neon</Filter>
    </ClInclude>
    <ClInclude Include="src\vectormath\neon\floatInVec.h">
      <Filter>src\vectormath\neon</Filter>
    </ClInclude>
    <ClInclude Include="src\vectormath\neon\mat_aos.h">
      <Filter>src\vectormath\neon</Filter>
    </ClInclude>
    <ClInclude Include="src\vectormath\neon\quat_aos.h">
      <Filter>src\vectormath\neon</Filter>
    </ClInclude>
    <ClInclude Include="src\vectormath\neon\vec_aos.h">
      <Filter>src\vectormath\neon</Filter>
    </ClInclude>
    <ClInclude Include="src\vectormath\neon\vectormath_aos.h">
      <Filter>src\vectormath\neon</Filter>
    </ClInclude>
    <ClInclude Include="src\BulletCollision\CollisionDispatch\btCollisionObjectWrapper.h">
      <Filter>src\BulletCollision\CollisionDispatch</Filter>
    </ClInclude>
    <ClInclude Include="src\BulletDynamics\ConstraintSolver\btGearConstraint.h">
      <Filter>src\BulletDynamics\ConstraintSolver</Filter>
    </ClInclude>
    <ClInclude Include="src\LinearMath\btPolarDecomposition.h">
      <Filter>src\LinearMath</Filter>
    </ClInclude>
    <ClInclude Include="Extras\HACD\hacdCircularList.h">
      <Filter>Extras\HACD</Filter>
    </ClInclude>
    <ClInclude Include="Extras\HACD\hacdGraph.h">
      <Filter>Extras\HACD</Filter>
    </ClInclude>
    <ClInclude Include="Extras\HACD\hacdHACD.h">
      <Filter>Extras\HACD</Filter>
    </ClInclude>
    <ClInclude Include="Extras\HACD\hacdICHull.h">
      <Filter>Extras\HACD</Filter>
    </ClInclude>
    <ClInclude Include="Extras\HACD\hacdManifoldMesh.h">
      <Filter>Extras\HACD</Filter>
    </ClInclude>
    <ClInclude Include="Extras\HACD\hacdVector.h">
      <Filter>Extras\HACD</Filter>
    </ClInclude>
    <ClInclude Include="Extras\HACD\hacdVersion.h">
      <Filter>Extras\HACD</Filter>
    </ClInclude>
    <ClInclude Include="src\BulletCollision\CollisionDispatch\btCompoundCompoundCollisionAlgorithm.h">
      <Filter>src\BulletCollision\CollisionDispatch</Filter>
    </ClInclude>
    <ClInclude Include="src\BulletCollision\CollisionDispatch\btHashedSimplePairCache.h">
      <Filter>src\BulletCollision\CollisionDispatch</Filter>
    </ClInclude>
    <ClInclude Include="src\BulletCollision\Gimpact\btCompoundFromGimpact.h">
      <Filter>src\BulletCollision\Gimpact</Filter>
    </ClInclude>
    <ClInclude Include="src\BulletDynamics\ConstraintSolver\btFixedConstraint.h">
      <Filter>src\BulletDynamics\ConstraintSolver</Filter>
    </ClInclude>
    <ClInclude Include="src\BulletDynamics\ConstraintSolver\btNNCGConstraintSolver.h">
      <Filter>src\BulletDynamics\ConstraintSolver</Filter>
    </ClInclude>
    <ClInclude Include="src\BulletDynamics\Featherstone\btMultiBody.h">
      <Filter>src\BulletDynamics\Featherstone</Filter>
    </ClInclude>
    <ClInclude Include="src\BulletDynamics\Featherstone\btMultiBodyConstraint.h">
      <Filter>src\BulletDynamics\Featherstone</Filter>
    </ClInclude>
    <ClInclude Include="src\BulletDynamics\Featherstone\btMultiBodyConstraintSolver.h">
      <Filter>src\BulletDynamics\Featherstone</Filter>
    </ClInclude>
    <ClInclude Include="src\BulletDynamics\Featherstone\btMultiBodyDynamicsWorld.h">
      <Filter>src\BulletDynamics\Featherstone</Filter>
    </ClInclude>
    <ClInclude Include="src\BulletDynamics\Featherstone\btMultiBodyJointLimitConstraint.h">
      <Filter>src\BulletDynamics\Featherstone</Filter>
    </ClInclude>
    <ClInclude Include="src\BulletDynamics\Featherstone\btMultiBodyJointMotor.h">
      <Filter>src\BulletDynamics\Featherstone</Filter>
    </ClInclude>
    <ClInclude Include="src\BulletDynamics\Featherstone\btMultiBodyLink.h">
      <Filter>src\BulletDynamics\Featherstone</Filter>
    </ClInclude>
    <ClInclude Include="src\BulletDynamics\Featherstone\btMultiBodyLinkCollider.h">
      <Filter>src\BulletDynamics\Featherstone</Filter>
    </ClInclude>
    <ClInclude Include="src\BulletDynamics\Featherstone\btMultiBodyPoint2Point.h">
      <Filter>src\BulletDynamics\Featherstone</Filter>
    </ClInclude>
    <ClInclude Include="src\BulletDynamics\Featherstone\btMultiBodySolverConstraint.h">
      <Filter>src\BulletDynamics\Featherstone</Filter>
    </ClInclude>
    <ClInclude Include="src\BulletDynamics\MLCPSolvers\btDantzigLCP.h">
      <Filter>src\BulletDynamics\MLCPSolvers</Filter>
    </ClInclude>
    <ClInclude Include="src\BulletDynamics\MLCPSolvers\btDantzigSolver.h">
      <Filter>src\BulletDynamics\MLCPSolvers</Filter>
    </ClInclude>
    <ClInclude Include="src\BulletDynamics\MLCPSolvers\btLemkeAlgorithm.h">
      <Filter>src\BulletDynamics\MLCPSolvers</Filter>
    </ClInclude>
    <ClInclude Include="src\BulletDynamics\MLCPSolvers\btLemkeSolver.h">
      <Filter>src\BulletDynamics\MLCPSolvers</Filter>
    </ClInclude>
    <ClInclude Include="src\BulletDynamics\MLCPSolvers\btMLCPSolver.h">
      <Filter>src\BulletDynamics\MLCPSolvers</Filter>
    </ClInclude>
    <ClInclude Include="src\BulletDynamics\MLCPSolvers\btMLCPSolverInterface.h">
      <Filter>src\BulletDynamics\MLCPSolvers</Filter>
    </ClInclude>
    <ClInclude Include="src\BulletDynamics\MLCPSolvers\btPATHSolver.h">
      <Filter>src\BulletDynamics\MLCPSolvers</Filter>
    </ClInclude>
    <ClInclude Include="src\BulletDynamics\MLCPSolvers\btSolveProjectedGaussSeidel.h">
      <Filter>src\BulletDynamics\MLCPSolvers</Filter>
    </ClInclude>
    <ClInclude Include="src\LinearMath\btMatrixX.h">
      <Filter>src\LinearMath</Filter>
    </ClInclude>
  </ItemGroup>
  <ItemGroup>
    <ClCompile Include="src\LinearMath\btAlignedAllocator.cpp">
      <Filter>src\LinearMath</Filter>
    </ClCompile>
    <ClCompile Include="src\LinearMath\btConvexHull.cpp">
      <Filter>src\LinearMath</Filter>
    </ClCompile>
    <ClCompile Include="src\LinearMath\btConvexHullComputer.cpp">
      <Filter>src\LinearMath</Filter>
    </ClCompile>
    <ClCompile Include="src\LinearMath\btGeometryUtil.cpp">
      <Filter>src\LinearMath</Filter>
    </ClCompile>
    <ClCompile Include="src\LinearMath\btQuickprof.cpp">
      <Filter>src\LinearMath</Filter>
    </ClCompile>
    <ClCompile Include="src\LinearMath\btSerializer.cpp">
      <Filter>src\LinearMath</Filter>
    </ClCompile>
    <ClCompile Include="src\BulletSoftBody\btDefaultSoftBodySolver.cpp">
      <Filter>src\BulletSoftBody</Filter>
    </ClCompile>
    <ClCompile Include="src\BulletSoftBody\btSoftBody.cpp">
      <Filter>src\BulletSoftBody</Filter>
    </ClCompile>
    <ClCompile Include="src\BulletSoftBody\btSoftBodyConcaveCollisionAlgorithm.cpp">
      <Filter>src\BulletSoftBody</Filter>
    </ClCompile>
    <ClCompile Include="src\BulletSoftBody\btSoftBodyHelpers.cpp">
      <Filter>src\BulletSoftBody</Filter>
    </ClCompile>
    <ClCompile Include="src\BulletSoftBody\btSoftBodyRigidBodyCollisionConfiguration.cpp">
      <Filter>src\BulletSoftBody</Filter>
    </ClCompile>
    <ClCompile Include="src\BulletSoftBody\btSoftRigidCollisionAlgorithm.cpp">
      <Filter>src\BulletSoftBody</Filter>
    </ClCompile>
    <ClCompile Include="src\BulletSoftBody\btSoftRigidDynamicsWorld.cpp">
      <Filter>src\BulletSoftBody</Filter>
    </ClCompile>
    <ClCompile Include="src\BulletSoftBody\btSoftSoftCollisionAlgorithm.cpp">
      <Filter>src\BulletSoftBody</Filter>
    </ClCompile>
    <ClCompile Include="src\BulletDynamics\Character\btKinematicCharacterController.cpp">
      <Filter>src\BulletDynamics\Character</Filter>
    </ClCompile>
    <ClCompile Include="src\BulletDynamics\ConstraintSolver\btConeTwistConstraint.cpp">
      <Filter>src\BulletDynamics\ConstraintSolver</Filter>
    </ClCompile>
    <ClCompile Include="src\BulletDynamics\ConstraintSolver\btContactConstraint.cpp">
      <Filter>src\BulletDynamics\ConstraintSolver</Filter>
    </ClCompile>
    <ClCompile Include="src\BulletDynamics\ConstraintSolver\btGeneric6DofConstraint.cpp">
      <Filter>src\BulletDynamics\ConstraintSolver</Filter>
    </ClCompile>
    <ClCompile Include="src\BulletDynamics\ConstraintSolver\btGeneric6DofSpringConstraint.cpp">
      <Filter>src\BulletDynamics\ConstraintSolver</Filter>
    </ClCompile>
    <ClCompile Include="src\BulletDynamics\ConstraintSolver\btHinge2Constraint.cpp">
      <Filter>src\BulletDynamics\ConstraintSolver</Filter>
    </ClCompile>
    <ClCompile Include="src\BulletDynamics\ConstraintSolver\btHingeConstraint.cpp">
      <Filter>src\BulletDynamics\ConstraintSolver</Filter>
    </ClCompile>
    <ClCompile Include="src\BulletDynamics\ConstraintSolver\btPoint2PointConstraint.cpp">
      <Filter>src\BulletDynamics\ConstraintSolver</Filter>
    </ClCompile>
    <ClCompile Include="src\BulletDynamics\ConstraintSolver\btSequentialImpulseConstraintSolver.cpp">
      <Filter>src\BulletDynamics\ConstraintSolver</Filter>
    </ClCompile>
    <ClCompile Include="src\BulletDynamics\ConstraintSolver\btSliderConstraint.cpp">
      <Filter>src\BulletDynamics\ConstraintSolver</Filter>
    </ClCompile>
    <ClCompile Include="src\BulletDynamics\ConstraintSolver\btSolve2LinearConstraint.cpp">
      <Filter>src\BulletDynamics\ConstraintSolver</Filter>
    </ClCompile>
    <ClCompile Include="src\BulletDynamics\ConstraintSolver\btTypedConstraint.cpp">
      <Filter>src\BulletDynamics\ConstraintSolver</Filter>
    </ClCompile>
    <ClCompile Include="src\BulletDynamics\ConstraintSolver\btUniversalConstraint.cpp">
      <Filter>src\BulletDynamics\ConstraintSolver</Filter>
    </ClCompile>
    <ClCompile Include="src\BulletDynamics\Dynamics\btDiscreteDynamicsWorld.cpp">
      <Filter>src\BulletDynamics\Dynamics</Filter>
    </ClCompile>
    <ClCompile Include="src\BulletDynamics\Dynamics\btRigidBody.cpp">
      <Filter>src\BulletDynamics\Dynamics</Filter>
    </ClCompile>
    <ClCompile Include="src\BulletDynamics\Dynamics\btSimpleDynamicsWorld.cpp">
      <Filter>src\BulletDynamics\Dynamics</Filter>
    </ClCompile>
    <ClCompile Include="src\BulletDynamics\Dynamics\Bullet-C-API.cpp">
      <Filter>src\BulletDynamics\Dynamics</Filter>
    </ClCompile>
    <ClCompile Include="src\BulletDynamics\Vehicle\btRaycastVehicle.cpp">
      <Filter>src\BulletDynamics\Vehicle</Filter>
    </ClCompile>
    <ClCompile Include="src\BulletDynamics\Vehicle\btWheelInfo.cpp">
      <Filter>src\BulletDynamics\Vehicle</Filter>
    </ClCompile>
    <ClCompile Include="src\BulletCollision\BroadphaseCollision\btAxisSweep3.cpp">
      <Filter>src\BulletCollision\BroadphaseCollision</Filter>
    </ClCompile>
    <ClCompile Include="src\BulletCollision\BroadphaseCollision\btBroadphaseProxy.cpp">
      <Filter>src\BulletCollision\BroadphaseCollision</Filter>
    </ClCompile>
    <ClCompile Include="src\BulletCollision\BroadphaseCollision\btCollisionAlgorithm.cpp">
      <Filter>src\BulletCollision\BroadphaseCollision</Filter>
    </ClCompile>
    <ClCompile Include="src\BulletCollision\BroadphaseCollision\btDbvt.cpp">
      <Filter>src\BulletCollision\BroadphaseCollision</Filter>
    </ClCompile>
    <ClCompile Include="src\BulletCollision\BroadphaseCollision\btDbvtBroadphase.cpp">
      <Filter>src\BulletCollision\BroadphaseCollision</Filter>
    </ClCompile>
    <ClCompile Include="src\BulletCollision\BroadphaseCollision\btDispatcher.cpp">
      <Filter>src\BulletCollision\BroadphaseCollision</Filter>
    </ClCompile>
    <ClCompile Include="src\BulletCollision\BroadphaseCollision\btMultiSapBroadphase.cpp">
      <Filter>src\BulletCollision\BroadphaseCollision</Filter>
    </ClCompile>
    <ClCompile Include="src\BulletCollision\BroadphaseCollision\btOverlappingPairCache.cpp">
      <Filter>src\BulletCollision\BroadphaseCollision</Filter>
    </ClCompile>
    <ClCompile Include="src\BulletCollision\BroadphaseCollision\btQuantizedBvh.cpp">
      <Filter>src\BulletCollision\BroadphaseCollision</Filter>
    </ClCompile>
    <ClCompile Include="src\BulletCollision\BroadphaseCollision\btSimpleBroadphase.cpp">
      <Filter>src\BulletCollision\BroadphaseCollision</Filter>
    </ClCompile>
    <ClCompile Include="src\BulletCollision\CollisionDispatch\btActivatingCollisionAlgorithm.cpp">
      <Filter>src\BulletCollision\CollisionDispatch</Filter>
    </ClCompile>
    <ClCompile Include="src\BulletCollision\CollisionDispatch\btBox2dBox2dCollisionAlgorithm.cpp">
      <Filter>src\BulletCollision\CollisionDispatch</Filter>
    </ClCompile>
    <ClCompile Include="src\BulletCollision\CollisionDispatch\btBoxBoxCollisionAlgorithm.cpp">
      <Filter>src\BulletCollision\CollisionDispatch</Filter>
    </ClCompile>
    <ClCompile Include="src\BulletCollision\CollisionDispatch\btBoxBoxDetector.cpp">
      <Filter>src\BulletCollision\CollisionDispatch</Filter>
    </ClCompile>
    <ClCompile Include="src\BulletCollision\CollisionDispatch\btCollisionDispatcher.cpp">
      <Filter>src\BulletCollision\CollisionDispatch</Filter>
    </ClCompile>
    <ClCompile Include="src\BulletCollision\CollisionDispatch\btCollisionObject.cpp">
      <Filter>src\BulletCollision\CollisionDispatch</Filter>
    </ClCompile>
    <ClCompile Include="src\BulletCollision\CollisionDispatch\btCollisionWorld.cpp">
      <Filter>src\BulletCollision\CollisionDispatch</Filter>
    </ClCompile>
    <ClCompile Include="src\BulletCollision\CollisionDispatch\btCompoundCollisionAlgorithm.cpp">
      <Filter>src\BulletCollision\CollisionDispatch</Filter>
    </ClCompile>
    <ClCompile Include="src\BulletCollision\CollisionDispatch\btConvex2dConvex2dAlgorithm.cpp">
      <Filter>src\BulletCollision\CollisionDispatch</Filter>
    </ClCompile>
    <ClCompile Include="src\BulletCollision\CollisionDispatch\btConvexConcaveCollisionAlgorithm.cpp">
      <Filter>src\BulletCollision\CollisionDispatch</Filter>
    </ClCompile>
    <ClCompile Include="src\BulletCollision\CollisionDispatch\btConvexConvexAlgorithm.cpp">
      <Filter>src\BulletCollision\CollisionDispatch</Filter>
    </ClCompile>
    <ClCompile Include="src\BulletCollision\CollisionDispatch\btConvexPlaneCollisionAlgorithm.cpp">
      <Filter>src\BulletCollision\CollisionDispatch</Filter>
    </ClCompile>
    <ClCompile Include="src\BulletCollision\CollisionDispatch\btDefaultCollisionConfiguration.cpp">
      <Filter>src\BulletCollision\CollisionDispatch</Filter>
    </ClCompile>
    <ClCompile Include="src\BulletCollision\CollisionDispatch\btEmptyCollisionAlgorithm.cpp">
      <Filter>src\BulletCollision\CollisionDispatch</Filter>
    </ClCompile>
    <ClCompile Include="src\BulletCollision\CollisionDispatch\btGhostObject.cpp">
      <Filter>src\BulletCollision\CollisionDispatch</Filter>
    </ClCompile>
    <ClCompile Include="src\BulletCollision\CollisionDispatch\btInternalEdgeUtility.cpp">
      <Filter>src\BulletCollision\CollisionDispatch</Filter>
    </ClCompile>
    <ClCompile Include="src\BulletCollision\CollisionDispatch\btManifoldResult.cpp">
      <Filter>src\BulletCollision\CollisionDispatch</Filter>
    </ClCompile>
    <ClCompile Include="src\BulletCollision\CollisionDispatch\btSimulationIslandManager.cpp">
      <Filter>src\BulletCollision\CollisionDispatch</Filter>
    </ClCompile>
    <ClCompile Include="src\BulletCollision\CollisionDispatch\btSphereBoxCollisionAlgorithm.cpp">
      <Filter>src\BulletCollision\CollisionDispatch</Filter>
    </ClCompile>
    <ClCompile Include="src\BulletCollision\CollisionDispatch\btSphereSphereCollisionAlgorithm.cpp">
      <Filter>src\BulletCollision\CollisionDispatch</Filter>
    </ClCompile>
    <ClCompile Include="src\BulletCollision\CollisionDispatch\btSphereTriangleCollisionAlgorithm.cpp">
      <Filter>src\BulletCollision\CollisionDispatch</Filter>
    </ClCompile>
    <ClCompile Include="src\BulletCollision\CollisionDispatch\btUnionFind.cpp">
      <Filter>src\BulletCollision\CollisionDispatch</Filter>
    </ClCompile>
    <ClCompile Include="src\BulletCollision\CollisionDispatch\SphereTriangleDetector.cpp">
      <Filter>src\BulletCollision\CollisionDispatch</Filter>
    </ClCompile>
    <ClCompile Include="src\BulletCollision\CollisionShapes\btBox2dShape.cpp">
      <Filter>src\BulletCollision\CollisionShapes</Filter>
    </ClCompile>
    <ClCompile Include="src\BulletCollision\CollisionShapes\btBoxShape.cpp">
      <Filter>src\BulletCollision\CollisionShapes</Filter>
    </ClCompile>
    <ClCompile Include="src\BulletCollision\CollisionShapes\btBvhTriangleMeshShape.cpp">
      <Filter>src\BulletCollision\CollisionShapes</Filter>
    </ClCompile>
    <ClCompile Include="src\BulletCollision\CollisionShapes\btCapsuleShape.cpp">
      <Filter>src\BulletCollision\CollisionShapes</Filter>
    </ClCompile>
    <ClCompile Include="src\BulletCollision\CollisionShapes\btCollisionShape.cpp">
      <Filter>src\BulletCollision\CollisionShapes</Filter>
    </ClCompile>
    <ClCompile Include="src\BulletCollision\CollisionShapes\btCompoundShape.cpp">
      <Filter>src\BulletCollision\CollisionShapes</Filter>
    </ClCompile>
    <ClCompile Include="src\BulletCollision\CollisionShapes\btConcaveShape.cpp">
      <Filter>src\BulletCollision\CollisionShapes</Filter>
    </ClCompile>
    <ClCompile Include="src\BulletCollision\CollisionShapes\btConeShape.cpp">
      <Filter>src\BulletCollision\CollisionShapes</Filter>
    </ClCompile>
    <ClCompile Include="src\BulletCollision\CollisionShapes\btConvex2dShape.cpp">
      <Filter>src\BulletCollision\CollisionShapes</Filter>
    </ClCompile>
    <ClCompile Include="src\BulletCollision\CollisionShapes\btConvexHullShape.cpp">
      <Filter>src\BulletCollision\CollisionShapes</Filter>
    </ClCompile>
    <ClCompile Include="src\BulletCollision\CollisionShapes\btConvexInternalShape.cpp">
      <Filter>src\BulletCollision\CollisionShapes</Filter>
    </ClCompile>
    <ClCompile Include="src\BulletCollision\CollisionShapes\btConvexPointCloudShape.cpp">
      <Filter>src\BulletCollision\CollisionShapes</Filter>
    </ClCompile>
    <ClCompile Include="src\BulletCollision\CollisionShapes\btConvexPolyhedron.cpp">
      <Filter>src\BulletCollision\CollisionShapes</Filter>
    </ClCompile>
    <ClCompile Include="src\BulletCollision\CollisionShapes\btConvexShape.cpp">
      <Filter>src\BulletCollision\CollisionShapes</Filter>
    </ClCompile>
    <ClCompile Include="src\BulletCollision\CollisionShapes\btConvexTriangleMeshShape.cpp">
      <Filter>src\BulletCollision\CollisionShapes</Filter>
    </ClCompile>
    <ClCompile Include="src\BulletCollision\CollisionShapes\btCylinderShape.cpp">
      <Filter>src\BulletCollision\CollisionShapes</Filter>
    </ClCompile>
    <ClCompile Include="src\BulletCollision\CollisionShapes\btEmptyShape.cpp">
      <Filter>src\BulletCollision\CollisionShapes</Filter>
    </ClCompile>
    <ClCompile Include="src\BulletCollision\CollisionShapes\btHeightfieldTerrainShape.cpp">
      <Filter>src\BulletCollision\CollisionShapes</Filter>
    </ClCompile>
    <ClCompile Include="src\BulletCollision\CollisionShapes\btMinkowskiSumShape.cpp">
      <Filter>src\BulletCollision\CollisionShapes</Filter>
    </ClCompile>
    <ClCompile Include="src\BulletCollision\CollisionShapes\btMultimaterialTriangleMeshShape.cpp">
      <Filter>src\BulletCollision\CollisionShapes</Filter>
    </ClCompile>
    <ClCompile Include="src\BulletCollision\CollisionShapes\btMultiSphereShape.cpp">
      <Filter>src\BulletCollision\CollisionShapes</Filter>
    </ClCompile>
    <ClCompile Include="src\BulletCollision\CollisionShapes\btOptimizedBvh.cpp">
      <Filter>src\BulletCollision\CollisionShapes</Filter>
    </ClCompile>
    <ClCompile Include="src\BulletCollision\CollisionShapes\btPolyhedralConvexShape.cpp">
      <Filter>src\BulletCollision\CollisionShapes</Filter>
    </ClCompile>
    <ClCompile Include="src\BulletCollision\CollisionShapes\btScaledBvhTriangleMeshShape.cpp">
      <Filter>src\BulletCollision\CollisionShapes</Filter>
    </ClCompile>
    <ClCompile Include="src\BulletCollision\CollisionShapes\btShapeHull.cpp">
      <Filter>src\BulletCollision\CollisionShapes</Filter>
    </ClCompile>
    <ClCompile Include="src\BulletCollision\CollisionShapes\btSphereShape.cpp">
      <Filter>src\BulletCollision\CollisionShapes</Filter>
    </ClCompile>
    <ClCompile Include="src\BulletCollision\CollisionShapes\btStaticPlaneShape.cpp">
      <Filter>src\BulletCollision\CollisionShapes</Filter>
    </ClCompile>
    <ClCompile Include="src\BulletCollision\CollisionShapes\btStridingMeshInterface.cpp">
      <Filter>src\BulletCollision\CollisionShapes</Filter>
    </ClCompile>
    <ClCompile Include="src\BulletCollision\CollisionShapes\btTetrahedronShape.cpp">
      <Filter>src\BulletCollision\CollisionShapes</Filter>
    </ClCompile>
    <ClCompile Include="src\BulletCollision\CollisionShapes\btTriangleBuffer.cpp">
      <Filter>src\BulletCollision\CollisionShapes</Filter>
    </ClCompile>
    <ClCompile Include="src\BulletCollision\CollisionShapes\btTriangleCallback.cpp">
      <Filter>src\BulletCollision\CollisionShapes</Filter>
    </ClCompile>
    <ClCompile Include="src\BulletCollision\CollisionShapes\btTriangleIndexVertexArray.cpp">
      <Filter>src\BulletCollision\CollisionShapes</Filter>
    </ClCompile>
    <ClCompile Include="src\BulletCollision\CollisionShapes\btTriangleIndexVertexMaterialArray.cpp">
      <Filter>src\BulletCollision\CollisionShapes</Filter>
    </ClCompile>
    <ClCompile Include="src\BulletCollision\CollisionShapes\btTriangleMesh.cpp">
      <Filter>src\BulletCollision\CollisionShapes</Filter>
    </ClCompile>
    <ClCompile Include="src\BulletCollision\CollisionShapes\btTriangleMeshShape.cpp">
      <Filter>src\BulletCollision\CollisionShapes</Filter>
    </ClCompile>
    <ClCompile Include="src\BulletCollision\CollisionShapes\btUniformScalingShape.cpp">
      <Filter>src\BulletCollision\CollisionShapes</Filter>
    </ClCompile>
    <ClCompile Include="src\BulletCollision\Gimpact\btContactProcessing.cpp">
      <Filter>src\BulletCollision\Gimpact</Filter>
    </ClCompile>
    <ClCompile Include="src\BulletCollision\Gimpact\btGenericPoolAllocator.cpp">
      <Filter>src\BulletCollision\Gimpact</Filter>
    </ClCompile>
    <ClCompile Include="src\BulletCollision\Gimpact\btGImpactBvh.cpp">
      <Filter>src\BulletCollision\Gimpact</Filter>
    </ClCompile>
    <ClCompile Include="src\BulletCollision\Gimpact\btGImpactCollisionAlgorithm.cpp">
      <Filter>src\BulletCollision\Gimpact</Filter>
    </ClCompile>
    <ClCompile Include="src\BulletCollision\Gimpact\btGImpactQuantizedBvh.cpp">
      <Filter>src\BulletCollision\Gimpact</Filter>
    </ClCompile>
    <ClCompile Include="src\BulletCollision\Gimpact\btGImpactShape.cpp">
      <Filter>src\BulletCollision\Gimpact</Filter>
    </ClCompile>
    <ClCompile Include="src\BulletCollision\Gimpact\btTriangleShapeEx.cpp">
      <Filter>src\BulletCollision\Gimpact</Filter>
    </ClCompile>
    <ClCompile Include="src\BulletCollision\Gimpact\gim_box_set.cpp">
      <Filter>src\BulletCollision\Gimpact</Filter>
    </ClCompile>
    <ClCompile Include="src\BulletCollision\Gimpact\gim_contact.cpp">
      <Filter>src\BulletCollision\Gimpact</Filter>
    </ClCompile>
    <ClCompile Include="src\BulletCollision\Gimpact\gim_memory.cpp">
      <Filter>src\BulletCollision\Gimpact</Filter>
    </ClCompile>
    <ClCompile Include="src\BulletCollision\Gimpact\gim_tri_collision.cpp">
      <Filter>src\BulletCollision\Gimpact</Filter>
    </ClCompile>
    <ClCompile Include="src\BulletCollision\NarrowPhaseCollision\btContinuousConvexCollision.cpp">
      <Filter>src\BulletCollision\NarrowPhaseCollision</Filter>
    </ClCompile>
    <ClCompile Include="src\BulletCollision\NarrowPhaseCollision\btConvexCast.cpp">
      <Filter>src\BulletCollision\NarrowPhaseCollision</Filter>
    </ClCompile>
    <ClCompile Include="src\BulletCollision\NarrowPhaseCollision\btGjkConvexCast.cpp">
      <Filter>src\BulletCollision\NarrowPhaseCollision</Filter>
    </ClCompile>
    <ClCompile Include="src\BulletCollision\NarrowPhaseCollision\btGjkEpa2.cpp">
      <Filter>src\BulletCollision\NarrowPhaseCollision</Filter>
    </ClCompile>
    <ClCompile Include="src\BulletCollision\NarrowPhaseCollision\btGjkEpaPenetrationDepthSolver.cpp">
      <Filter>src\BulletCollision\NarrowPhaseCollision</Filter>
    </ClCompile>
    <ClCompile Include="src\BulletCollision\NarrowPhaseCollision\btGjkPairDetector.cpp">
      <Filter>src\BulletCollision\NarrowPhaseCollision</Filter>
    </ClCompile>
    <ClCompile Include="src\BulletCollision\NarrowPhaseCollision\btMinkowskiPenetrationDepthSolver.cpp">
      <Filter>src\BulletCollision\NarrowPhaseCollision</Filter>
    </ClCompile>
    <ClCompile Include="src\BulletCollision\NarrowPhaseCollision\btPersistentManifold.cpp">
      <Filter>src\BulletCollision\NarrowPhaseCollision</Filter>
    </ClCompile>
    <ClCompile Include="src\BulletCollision\NarrowPhaseCollision\btPolyhedralContactClipping.cpp">
      <Filter>src\BulletCollision\NarrowPhaseCollision</Filter>
    </ClCompile>
    <ClCompile Include="src\BulletCollision\NarrowPhaseCollision\btRaycastCallback.cpp">
      <Filter>src\BulletCollision\NarrowPhaseCollision</Filter>
    </ClCompile>
    <ClCompile Include="src\BulletCollision\NarrowPhaseCollision\btSubSimplexConvexCast.cpp">
      <Filter>src\BulletCollision\NarrowPhaseCollision</Filter>
    </ClCompile>
    <ClCompile Include="src\BulletCollision\NarrowPhaseCollision\btVoronoiSimplexSolver.cpp">
      <Filter>src\BulletCollision\NarrowPhaseCollision</Filter>
    </ClCompile>
    <ClCompile Include="src\LinearMath\btVector3.cpp">
      <Filter>src\LinearMath</Filter>
    </ClCompile>
    <ClCompile Include="src\BulletDynamics\ConstraintSolver\btGearConstraint.cpp">
      <Filter>src\BulletDynamics\ConstraintSolver</Filter>
    </ClCompile>
    <ClCompile Include="src\LinearMath\btPolarDecomposition.cpp">
      <Filter>src\LinearMath</Filter>
    </ClCompile>
    <ClCompile Include="Extras\HACD\hacdGraph.cpp">
      <Filter>Extras\HACD</Filter>
    </ClCompile>
    <ClCompile Include="Extras\HACD\hacdHACD.cpp">
      <Filter>Extras\HACD</Filter>
    </ClCompile>
    <ClCompile Include="Extras\HACD\hacdICHull.cpp">
      <Filter>Extras\HACD</Filter>
    </ClCompile>
    <ClCompile Include="Extras\HACD\hacdManifoldMesh.cpp">
      <Filter>Extras\HACD</Filter>
    </ClCompile>
    <ClCompile Include="src\BulletCollision\CollisionDispatch\btCompoundCompoundCollisionAlgorithm.cpp">
      <Filter>src\BulletCollision\CollisionDispatch</Filter>
    </ClCompile>
    <ClCompile Include="src\BulletCollision\CollisionDispatch\btHashedSimplePairCache.cpp">
      <Filter>src\BulletCollision\CollisionDispatch</Filter>
    </ClCompile>
    <ClCompile Include="src\BulletDynamics\ConstraintSolver\btFixedConstraint.cpp">
      <Filter>src\BulletDynamics\ConstraintSolver</Filter>
    </ClCompile>
    <ClCompile Include="src\BulletDynamics\ConstraintSolver\btNNCGConstraintSolver.cpp">
      <Filter>src\BulletDynamics\ConstraintSolver</Filter>
    </ClCompile>
    <ClCompile Include="src\BulletDynamics\Featherstone\btMultiBody.cpp">
      <Filter>src\BulletDynamics\Featherstone</Filter>
    </ClCompile>
    <ClCompile Include="src\BulletDynamics\Featherstone\btMultiBodyConstraint.cpp">
      <Filter>src\BulletDynamics\Featherstone</Filter>
    </ClCompile>
    <ClCompile Include="src\BulletDynamics\Featherstone\btMultiBodyConstraintSolver.cpp">
      <Filter>src\BulletDynamics\Featherstone</Filter>
    </ClCompile>
    <ClCompile Include="src\BulletDynamics\Featherstone\btMultiBodyDynamicsWorld.cpp">
      <Filter>src\BulletDynamics\Featherstone</Filter>
    </ClCompile>
    <ClCompile Include="src\BulletDynamics\Featherstone\btMultiBodyJointLimitConstraint.cpp">
      <Filter>src\BulletDynamics\Featherstone</Filter>
    </ClCompile>
    <ClCompile Include="src\BulletDynamics\Featherstone\btMultiBodyJointMotor.cpp">
      <Filter>src\BulletDynamics\Featherstone</Filter>
    </ClCompile>
    <ClCompile Include="src\BulletDynamics\Featherstone\btMultiBodyPoint2Point.cpp">
      <Filter>src\BulletDynamics\Featherstone</Filter>
    </ClCompile>
    <ClCompile Include="src\BulletDynamics\MLCPSolvers\btDantzigLCP.cpp">
      <Filter>src\BulletDynamics\MLCPSolvers</Filter>
    </ClCompile>
    <ClCompile Include="src\BulletDynamics\MLCPSolvers\btLemkeAlgorithm.cpp">
      <Filter>src\BulletDynamics\MLCPSolvers</Filter>
    </ClCompile>
    <ClCompile Include="src\BulletDynamics\MLCPSolvers\btMLCPSolver.cpp">
      <Filter>src\BulletDynamics\MLCPSolvers</Filter>
    </ClCompile>
  </ItemGroup>
  <ItemGroup>
    <None Include="Extras\HACD\hacdCircularList.inl">
      <Filter>Extras\HACD</Filter>
    </None>
    <None Include="Extras\HACD\hacdVector.inl">
      <Filter>Extras\HACD</Filter>
    </None>
  </ItemGroup>
</Project>